// !$*UTF8*$!
{
	archiveVersion = 1;
	classes = {
	};
	objectVersion = 56;
	objects = {

/* Begin PBXBuildFile section */
		710399432AC658270043CCF3 /* UserDefaults+Extension.swift in Sources */ = {isa = PBXBuildFile; fileRef = 710399422AC658270043CCF3 /* UserDefaults+Extension.swift */; };
		7103994F2AE16FF90043CCF3 /* Intents.framework in Frameworks */ = {isa = PBXBuildFile; fileRef = 7103994E2AE16FF90043CCF3 /* Intents.framework */; };
		710399522AE16FF90043CCF3 /* IntentHandler.swift in Sources */ = {isa = PBXBuildFile; fileRef = 710399512AE16FF90043CCF3 /* IntentHandler.swift */; };
		710399562AE16FF90043CCF3 /* RepoWatcherIntents.appex in Embed Foundation Extensions */ = {isa = PBXBuildFile; fileRef = 7103994D2AE16FF90043CCF3 /* RepoWatcherIntents.appex */; settings = {ATTRIBUTES = (RemoveHeadersOnCopy, ); }; };
		7103995C2AE171330043CCF3 /* UserDefaults+Extension.swift in Sources */ = {isa = PBXBuildFile; fileRef = 710399422AC658270043CCF3 /* UserDefaults+Extension.swift */; };
		710EC53D2B24B2A80051C95C /* SelectSingleRepo.swift in Sources */ = {isa = PBXBuildFile; fileRef = 710EC53B2B24B2A80051C95C /* SelectSingleRepo.swift */; };
		710EC53E2B24B2F50051C95C /* UserDefaults+Extension.swift in Sources */ = {isa = PBXBuildFile; fileRef = 710399422AC658270043CCF3 /* UserDefaults+Extension.swift */; };
		710EC53F2B24B8DD0051C95C /* SelectRepoIntents.intentdefinition in Sources */ = {isa = PBXBuildFile; fileRef = 710399452AE16F0B0043CCF3 /* SelectRepoIntents.intentdefinition */; };
		710EC5402B24B8DE0051C95C /* SelectRepoIntents.intentdefinition in Sources */ = {isa = PBXBuildFile; fileRef = 710399452AE16F0B0043CCF3 /* SelectRepoIntents.intentdefinition */; };
		710EC5412B24B8DF0051C95C /* SelectRepoIntents.intentdefinition in Sources */ = {isa = PBXBuildFile; fileRef = 710399452AE16F0B0043CCF3 /* SelectRepoIntents.intentdefinition */; };
		71D8F1B52A9CEB49009F31C7 /* RepoWatcherApp.swift in Sources */ = {isa = PBXBuildFile; fileRef = 71D8F1B42A9CEB49009F31C7 /* RepoWatcherApp.swift */; };
		71D8F1B72A9CEB49009F31C7 /* ContentView.swift in Sources */ = {isa = PBXBuildFile; fileRef = 71D8F1B62A9CEB49009F31C7 /* ContentView.swift */; };
		71D8F1B92A9CEB4D009F31C7 /* Assets.xcassets in Resources */ = {isa = PBXBuildFile; fileRef = 71D8F1B82A9CEB4D009F31C7 /* Assets.xcassets */; };
		71D8F1BC2A9CEB4D009F31C7 /* Preview Assets.xcassets in Resources */ = {isa = PBXBuildFile; fileRef = 71D8F1BB2A9CEB4D009F31C7 /* Preview Assets.xcassets */; };
		71D8F1C92A9CEBA1009F31C7 /* WidgetKit.framework in Frameworks */ = {isa = PBXBuildFile; fileRef = 71D8F1C82A9CEBA1009F31C7 /* WidgetKit.framework */; };
		71D8F1CB2A9CEBA1009F31C7 /* SwiftUI.framework in Frameworks */ = {isa = PBXBuildFile; fileRef = 71D8F1CA2A9CEBA1009F31C7 /* SwiftUI.framework */; };
		71D8F1CE2A9CEBA1009F31C7 /* RepoWatcherWidgetBundle.swift in Sources */ = {isa = PBXBuildFile; fileRef = 71D8F1CD2A9CEBA1009F31C7 /* RepoWatcherWidgetBundle.swift */; };
		71D8F1D02A9CEBA1009F31C7 /* DoubleRepoWidget.swift in Sources */ = {isa = PBXBuildFile; fileRef = 71D8F1CF2A9CEBA1009F31C7 /* DoubleRepoWidget.swift */; };
		71D8F1D22A9CEBA4009F31C7 /* Assets.xcassets in Resources */ = {isa = PBXBuildFile; fileRef = 71D8F1D12A9CEBA4009F31C7 /* Assets.xcassets */; };
		71D8F1D62A9CEBA4009F31C7 /* RepoWatcherWidgetExtension.appex in Embed Foundation Extensions */ = {isa = PBXBuildFile; fileRef = 71D8F1C62A9CEBA1009F31C7 /* RepoWatcherWidgetExtension.appex */; settings = {ATTRIBUTES = (RemoveHeadersOnCopy, ); }; };
		71D8F1DC2AA0D79E009F31C7 /* Repository.swift in Sources */ = {isa = PBXBuildFile; fileRef = 71D8F1DB2AA0D79E009F31C7 /* Repository.swift */; };
		71D8F1DD2AA0D79E009F31C7 /* Repository.swift in Sources */ = {isa = PBXBuildFile; fileRef = 71D8F1DB2AA0D79E009F31C7 /* Repository.swift */; };
		71D8F1DF2AA37BC7009F31C7 /* APIManager.swift in Sources */ = {isa = PBXBuildFile; fileRef = 71D8F1DE2AA37BC7009F31C7 /* APIManager.swift */; };
		71D8F1E02AA37BC7009F31C7 /* APIManager.swift in Sources */ = {isa = PBXBuildFile; fileRef = 71D8F1DE2AA37BC7009F31C7 /* APIManager.swift */; };
		71D8F1E22AA621D8009F31C7 /* RepoWatcherMediumView.swift in Sources */ = {isa = PBXBuildFile; fileRef = 71D8F1E12AA621D8009F31C7 /* RepoWatcherMediumView.swift */; };
		71D8F1E42AAA0FF7009F31C7 /* MockData.swift in Sources */ = {isa = PBXBuildFile; fileRef = 71D8F1E32AAA0FF7009F31C7 /* MockData.swift */; };
		71D8F1E82AAA1618009F31C7 /* SingleRepoWidget.swift in Sources */ = {isa = PBXBuildFile; fileRef = 71D8F1E72AAA1618009F31C7 /* SingleRepoWidget.swift */; };
		71D8F1EC2AAC68B1009F31C7 /* ContributorMediumView.swift in Sources */ = {isa = PBXBuildFile; fileRef = 71D8F1EB2AAC68B1009F31C7 /* ContributorMediumView.swift */; };
		71D8F1EE2AACC937009F31C7 /* Contributor.swift in Sources */ = {isa = PBXBuildFile; fileRef = 71D8F1ED2AACC937009F31C7 /* Contributor.swift */; };
		71D8F1EF2AACC937009F31C7 /* Contributor.swift in Sources */ = {isa = PBXBuildFile; fileRef = 71D8F1ED2AACC937009F31C7 /* Contributor.swift */; };
/* End PBXBuildFile section */

/* Begin PBXContainerItemProxy section */
		710399542AE16FF90043CCF3 /* PBXContainerItemProxy */ = {
			isa = PBXContainerItemProxy;
			containerPortal = 71D8F1A92A9CEB49009F31C7 /* Project object */;
			proxyType = 1;
			remoteGlobalIDString = 7103994C2AE16FF90043CCF3;
			remoteInfo = RepoWatcherIntents;
		};
		71D8F1D42A9CEBA4009F31C7 /* PBXContainerItemProxy */ = {
			isa = PBXContainerItemProxy;
			containerPortal = 71D8F1A92A9CEB49009F31C7 /* Project object */;
			proxyType = 1;
			remoteGlobalIDString = 71D8F1C52A9CEBA1009F31C7;
			remoteInfo = RepoWatcherWidgetExtension;
		};
/* End PBXContainerItemProxy section */

/* Begin PBXCopyFilesBuildPhase section */
		71D8F1DA2A9CEBA4009F31C7 /* Embed Foundation Extensions */ = {
			isa = PBXCopyFilesBuildPhase;
			buildActionMask = 2147483647;
			dstPath = "";
			dstSubfolderSpec = 13;
			files = (
				71D8F1D62A9CEBA4009F31C7 /* RepoWatcherWidgetExtension.appex in Embed Foundation Extensions */,
				710399562AE16FF90043CCF3 /* RepoWatcherIntents.appex in Embed Foundation Extensions */,
			);
			name = "Embed Foundation Extensions";
			runOnlyForDeploymentPostprocessing = 0;
		};
/* End PBXCopyFilesBuildPhase section */

/* Begin PBXFileReference section */
		710399422AC658270043CCF3 /* UserDefaults+Extension.swift */ = {isa = PBXFileReference; lastKnownFileType = sourcecode.swift; path = "UserDefaults+Extension.swift"; sourceTree = "<group>"; };
		710399442AC658870043CCF3 /* RepoWatcherWidgetExtension.entitlements */ = {isa = PBXFileReference; fileEncoding = 4; lastKnownFileType = text.plist.entitlements; path = RepoWatcherWidgetExtension.entitlements; sourceTree = "<group>"; };
		710399452AE16F0B0043CCF3 /* SelectRepoIntents.intentdefinition */ = {isa = PBXFileReference; lastKnownFileType = file.intentdefinition; path = SelectRepoIntents.intentdefinition; sourceTree = "<group>"; };
		710399482AE16F270043CCF3 /* Info.plist */ = {isa = PBXFileReference; lastKnownFileType = text.plist; path = Info.plist; sourceTree = "<group>"; };
		7103994D2AE16FF90043CCF3 /* RepoWatcherIntents.appex */ = {isa = PBXFileReference; explicitFileType = "wrapper.app-extension"; includeInIndex = 0; path = RepoWatcherIntents.appex; sourceTree = BUILT_PRODUCTS_DIR; };
		7103994E2AE16FF90043CCF3 /* Intents.framework */ = {isa = PBXFileReference; lastKnownFileType = wrapper.framework; name = Intents.framework; path = System/Library/Frameworks/Intents.framework; sourceTree = SDKROOT; };
		710399512AE16FF90043CCF3 /* IntentHandler.swift */ = {isa = PBXFileReference; lastKnownFileType = sourcecode.swift; path = IntentHandler.swift; sourceTree = "<group>"; };
		710399532AE16FF90043CCF3 /* Info.plist */ = {isa = PBXFileReference; lastKnownFileType = text.plist.xml; path = Info.plist; sourceTree = "<group>"; };
		7103995A2AE1700D0043CCF3 /* RepoWatcherIntents.entitlements */ = {isa = PBXFileReference; lastKnownFileType = text.plist.entitlements; path = RepoWatcherIntents.entitlements; sourceTree = "<group>"; };
		710EC53B2B24B2A80051C95C /* SelectSingleRepo.swift */ = {isa = PBXFileReference; lastKnownFileType = sourcecode.swift; path = SelectSingleRepo.swift; sourceTree = "<group>"; };
		7175D0792AC6579000710B1E /* RepoWatcher.entitlements */ = {isa = PBXFileReference; lastKnownFileType = text.plist.entitlements; path = RepoWatcher.entitlements; sourceTree = "<group>"; };
		71D8F1B12A9CEB49009F31C7 /* RepoWatcher.app */ = {isa = PBXFileReference; explicitFileType = wrapper.application; includeInIndex = 0; path = RepoWatcher.app; sourceTree = BUILT_PRODUCTS_DIR; };
		71D8F1B42A9CEB49009F31C7 /* RepoWatcherApp.swift */ = {isa = PBXFileReference; lastKnownFileType = sourcecode.swift; path = RepoWatcherApp.swift; sourceTree = "<group>"; };
		71D8F1B62A9CEB49009F31C7 /* ContentView.swift */ = {isa = PBXFileReference; lastKnownFileType = sourcecode.swift; path = ContentView.swift; sourceTree = "<group>"; };
		71D8F1B82A9CEB4D009F31C7 /* Assets.xcassets */ = {isa = PBXFileReference; lastKnownFileType = folder.assetcatalog; path = Assets.xcassets; sourceTree = "<group>"; };
		71D8F1BB2A9CEB4D009F31C7 /* Preview Assets.xcassets */ = {isa = PBXFileReference; lastKnownFileType = folder.assetcatalog; path = "Preview Assets.xcassets"; sourceTree = "<group>"; };
		71D8F1C62A9CEBA1009F31C7 /* RepoWatcherWidgetExtension.appex */ = {isa = PBXFileReference; explicitFileType = "wrapper.app-extension"; includeInIndex = 0; path = RepoWatcherWidgetExtension.appex; sourceTree = BUILT_PRODUCTS_DIR; };
		71D8F1C82A9CEBA1009F31C7 /* WidgetKit.framework */ = {isa = PBXFileReference; lastKnownFileType = wrapper.framework; name = WidgetKit.framework; path = System/Library/Frameworks/WidgetKit.framework; sourceTree = SDKROOT; };
		71D8F1CA2A9CEBA1009F31C7 /* SwiftUI.framework */ = {isa = PBXFileReference; lastKnownFileType = wrapper.framework; name = SwiftUI.framework; path = System/Library/Frameworks/SwiftUI.framework; sourceTree = SDKROOT; };
		71D8F1CD2A9CEBA1009F31C7 /* RepoWatcherWidgetBundle.swift */ = {isa = PBXFileReference; lastKnownFileType = sourcecode.swift; path = RepoWatcherWidgetBundle.swift; sourceTree = "<group>"; };
		71D8F1CF2A9CEBA1009F31C7 /* DoubleRepoWidget.swift */ = {isa = PBXFileReference; lastKnownFileType = sourcecode.swift; path = DoubleRepoWidget.swift; sourceTree = "<group>"; };
		71D8F1D12A9CEBA4009F31C7 /* Assets.xcassets */ = {isa = PBXFileReference; lastKnownFileType = folder.assetcatalog; path = Assets.xcassets; sourceTree = "<group>"; };
		71D8F1D32A9CEBA4009F31C7 /* Info.plist */ = {isa = PBXFileReference; lastKnownFileType = text.plist.xml; path = Info.plist; sourceTree = "<group>"; };
		71D8F1DB2AA0D79E009F31C7 /* Repository.swift */ = {isa = PBXFileReference; lastKnownFileType = sourcecode.swift; path = Repository.swift; sourceTree = "<group>"; };
		71D8F1DE2AA37BC7009F31C7 /* APIManager.swift */ = {isa = PBXFileReference; lastKnownFileType = sourcecode.swift; path = APIManager.swift; sourceTree = "<group>"; };
		71D8F1E12AA621D8009F31C7 /* RepoWatcherMediumView.swift */ = {isa = PBXFileReference; lastKnownFileType = sourcecode.swift; path = RepoWatcherMediumView.swift; sourceTree = "<group>"; };
		71D8F1E32AAA0FF7009F31C7 /* MockData.swift */ = {isa = PBXFileReference; lastKnownFileType = sourcecode.swift; path = MockData.swift; sourceTree = "<group>"; };
		71D8F1E72AAA1618009F31C7 /* SingleRepoWidget.swift */ = {isa = PBXFileReference; lastKnownFileType = sourcecode.swift; path = SingleRepoWidget.swift; sourceTree = "<group>"; };
		71D8F1EB2AAC68B1009F31C7 /* ContributorMediumView.swift */ = {isa = PBXFileReference; lastKnownFileType = sourcecode.swift; path = ContributorMediumView.swift; sourceTree = "<group>"; };
		71D8F1ED2AACC937009F31C7 /* Contributor.swift */ = {isa = PBXFileReference; lastKnownFileType = sourcecode.swift; path = Contributor.swift; sourceTree = "<group>"; };
/* End PBXFileReference section */

/* Begin PBXFrameworksBuildPhase section */
		7103994A2AE16FF90043CCF3 /* Frameworks */ = {
			isa = PBXFrameworksBuildPhase;
			buildActionMask = 2147483647;
			files = (
				7103994F2AE16FF90043CCF3 /* Intents.framework in Frameworks */,
			);
			runOnlyForDeploymentPostprocessing = 0;
		};
		71D8F1AE2A9CEB49009F31C7 /* Frameworks */ = {
			isa = PBXFrameworksBuildPhase;
			buildActionMask = 2147483647;
			files = (
			);
			runOnlyForDeploymentPostprocessing = 0;
		};
		71D8F1C32A9CEBA1009F31C7 /* Frameworks */ = {
			isa = PBXFrameworksBuildPhase;
			buildActionMask = 2147483647;
			files = (
				71D8F1CB2A9CEBA1009F31C7 /* SwiftUI.framework in Frameworks */,
				71D8F1C92A9CEBA1009F31C7 /* WidgetKit.framework in Frameworks */,
			);
			runOnlyForDeploymentPostprocessing = 0;
		};
/* End PBXFrameworksBuildPhase section */

/* Begin PBXGroup section */
		710399502AE16FF90043CCF3 /* RepoWatcherIntents */ = {
			isa = PBXGroup;
			children = (
				7103995A2AE1700D0043CCF3 /* RepoWatcherIntents.entitlements */,
				710399512AE16FF90043CCF3 /* IntentHandler.swift */,
				710399532AE16FF90043CCF3 /* Info.plist */,
			);
			path = RepoWatcherIntents;
			sourceTree = "<group>";
		};
		71D8F1A82A9CEB49009F31C7 = {
			isa = PBXGroup;
			children = (
				71D8F1B32A9CEB49009F31C7 /* RepoWatcher */,
				71D8F1CC2A9CEBA1009F31C7 /* RepoWatcherWidget */,
				710399502AE16FF90043CCF3 /* RepoWatcherIntents */,
				71D8F1C72A9CEBA1009F31C7 /* Frameworks */,
				71D8F1B22A9CEB49009F31C7 /* Products */,
			);
			sourceTree = "<group>";
		};
		71D8F1B22A9CEB49009F31C7 /* Products */ = {
			isa = PBXGroup;
			children = (
				71D8F1B12A9CEB49009F31C7 /* RepoWatcher.app */,
				71D8F1C62A9CEBA1009F31C7 /* RepoWatcherWidgetExtension.appex */,
				7103994D2AE16FF90043CCF3 /* RepoWatcherIntents.appex */,
			);
			name = Products;
			sourceTree = "<group>";
		};
		71D8F1B32A9CEB49009F31C7 /* RepoWatcher */ = {
			isa = PBXGroup;
			children = (
				710399482AE16F270043CCF3 /* Info.plist */,
				7175D0792AC6579000710B1E /* RepoWatcher.entitlements */,
				71D8F1B42A9CEB49009F31C7 /* RepoWatcherApp.swift */,
				71D8F1B62A9CEB49009F31C7 /* ContentView.swift */,
				71D8F1DE2AA37BC7009F31C7 /* APIManager.swift */,
				71D8F1DB2AA0D79E009F31C7 /* Repository.swift */,
				71D8F1ED2AACC937009F31C7 /* Contributor.swift */,
				710399422AC658270043CCF3 /* UserDefaults+Extension.swift */,
				710399452AE16F0B0043CCF3 /* SelectRepoIntents.intentdefinition */,
				71D8F1B82A9CEB4D009F31C7 /* Assets.xcassets */,
				71D8F1BA2A9CEB4D009F31C7 /* Preview Content */,
			);
			path = RepoWatcher;
			sourceTree = "<group>";
		};
		71D8F1BA2A9CEB4D009F31C7 /* Preview Content */ = {
			isa = PBXGroup;
			children = (
				71D8F1BB2A9CEB4D009F31C7 /* Preview Assets.xcassets */,
			);
			path = "Preview Content";
			sourceTree = "<group>";
		};
		71D8F1C72A9CEBA1009F31C7 /* Frameworks */ = {
			isa = PBXGroup;
			children = (
				71D8F1C82A9CEBA1009F31C7 /* WidgetKit.framework */,
				71D8F1CA2A9CEBA1009F31C7 /* SwiftUI.framework */,
				7103994E2AE16FF90043CCF3 /* Intents.framework */,
			);
			name = Frameworks;
			sourceTree = "<group>";
		};
		71D8F1CC2A9CEBA1009F31C7 /* RepoWatcherWidget */ = {
			isa = PBXGroup;
			children = (
				710399442AC658870043CCF3 /* RepoWatcherWidgetExtension.entitlements */,
				71D8F1CD2A9CEBA1009F31C7 /* RepoWatcherWidgetBundle.swift */,
				71D8F1CF2A9CEBA1009F31C7 /* DoubleRepoWidget.swift */,
				71D8F1E12AA621D8009F31C7 /* RepoWatcherMediumView.swift */,
				71D8F1E72AAA1618009F31C7 /* SingleRepoWidget.swift */,
				710EC53B2B24B2A80051C95C /* SelectSingleRepo.swift */,
				71D8F1EB2AAC68B1009F31C7 /* ContributorMediumView.swift */,
				71D8F1E32AAA0FF7009F31C7 /* MockData.swift */,
				71D8F1D12A9CEBA4009F31C7 /* Assets.xcassets */,
				71D8F1D32A9CEBA4009F31C7 /* Info.plist */,
			);
			path = RepoWatcherWidget;
			sourceTree = "<group>";
		};
/* End PBXGroup section */

/* Begin PBXNativeTarget section */
		7103994C2AE16FF90043CCF3 /* RepoWatcherIntents */ = {
			isa = PBXNativeTarget;
			buildConfigurationList = 710399572AE16FF90043CCF3 /* Build configuration list for PBXNativeTarget "RepoWatcherIntents" */;
			buildPhases = (
				710399492AE16FF90043CCF3 /* Sources */,
				7103994A2AE16FF90043CCF3 /* Frameworks */,
				7103994B2AE16FF90043CCF3 /* Resources */,
			);
			buildRules = (
			);
			dependencies = (
			);
			name = RepoWatcherIntents;
			productName = RepoWatcherIntents;
			productReference = 7103994D2AE16FF90043CCF3 /* RepoWatcherIntents.appex */;
			productType = "com.apple.product-type.app-extension";
		};
		71D8F1B02A9CEB49009F31C7 /* RepoWatcher */ = {
			isa = PBXNativeTarget;
			buildConfigurationList = 71D8F1BF2A9CEB4D009F31C7 /* Build configuration list for PBXNativeTarget "RepoWatcher" */;
			buildPhases = (
				71D8F1AD2A9CEB49009F31C7 /* Sources */,
				71D8F1AE2A9CEB49009F31C7 /* Frameworks */,
				71D8F1AF2A9CEB49009F31C7 /* Resources */,
				71D8F1DA2A9CEBA4009F31C7 /* Embed Foundation Extensions */,
			);
			buildRules = (
			);
			dependencies = (
				71D8F1D52A9CEBA4009F31C7 /* PBXTargetDependency */,
				710399552AE16FF90043CCF3 /* PBXTargetDependency */,
			);
			name = RepoWatcher;
			productName = RepoWatcher;
			productReference = 71D8F1B12A9CEB49009F31C7 /* RepoWatcher.app */;
			productType = "com.apple.product-type.application";
		};
		71D8F1C52A9CEBA1009F31C7 /* RepoWatcherWidgetExtension */ = {
			isa = PBXNativeTarget;
			buildConfigurationList = 71D8F1D72A9CEBA4009F31C7 /* Build configuration list for PBXNativeTarget "RepoWatcherWidgetExtension" */;
			buildPhases = (
				71D8F1C22A9CEBA1009F31C7 /* Sources */,
				71D8F1C32A9CEBA1009F31C7 /* Frameworks */,
				71D8F1C42A9CEBA1009F31C7 /* Resources */,
			);
			buildRules = (
			);
			dependencies = (
			);
			name = RepoWatcherWidgetExtension;
			productName = RepoWatcherWidgetExtension;
			productReference = 71D8F1C62A9CEBA1009F31C7 /* RepoWatcherWidgetExtension.appex */;
			productType = "com.apple.product-type.app-extension";
		};
/* End PBXNativeTarget section */

/* Begin PBXProject section */
		71D8F1A92A9CEB49009F31C7 /* Project object */ = {
			isa = PBXProject;
			attributes = {
				BuildIndependentTargetsInParallel = 1;
				LastSwiftUpdateCheck = 1500;
				LastUpgradeCheck = 1500;
				TargetAttributes = {
					7103994C2AE16FF90043CCF3 = {
						CreatedOnToolsVersion = 15.0;
					};
					71D8F1B02A9CEB49009F31C7 = {
						CreatedOnToolsVersion = 15.0;
					};
					71D8F1C52A9CEBA1009F31C7 = {
						CreatedOnToolsVersion = 15.0;
					};
				};
			};
			buildConfigurationList = 71D8F1AC2A9CEB49009F31C7 /* Build configuration list for PBXProject "RepoWatcher" */;
			compatibilityVersion = "Xcode 14.0";
			developmentRegion = en;
			hasScannedForEncodings = 0;
			knownRegions = (
				en,
				Base,
			);
			mainGroup = 71D8F1A82A9CEB49009F31C7;
			productRefGroup = 71D8F1B22A9CEB49009F31C7 /* Products */;
			projectDirPath = "";
			projectRoot = "";
			targets = (
				71D8F1B02A9CEB49009F31C7 /* RepoWatcher */,
				71D8F1C52A9CEBA1009F31C7 /* RepoWatcherWidgetExtension */,
				7103994C2AE16FF90043CCF3 /* RepoWatcherIntents */,
			);
		};
/* End PBXProject section */

/* Begin PBXResourcesBuildPhase section */
		7103994B2AE16FF90043CCF3 /* Resources */ = {
			isa = PBXResourcesBuildPhase;
			buildActionMask = 2147483647;
			files = (
			);
			runOnlyForDeploymentPostprocessing = 0;
		};
		71D8F1AF2A9CEB49009F31C7 /* Resources */ = {
			isa = PBXResourcesBuildPhase;
			buildActionMask = 2147483647;
			files = (
				71D8F1BC2A9CEB4D009F31C7 /* Preview Assets.xcassets in Resources */,
				71D8F1B92A9CEB4D009F31C7 /* Assets.xcassets in Resources */,
			);
			runOnlyForDeploymentPostprocessing = 0;
		};
		71D8F1C42A9CEBA1009F31C7 /* Resources */ = {
			isa = PBXResourcesBuildPhase;
			buildActionMask = 2147483647;
			files = (
				71D8F1D22A9CEBA4009F31C7 /* Assets.xcassets in Resources */,
			);
			runOnlyForDeploymentPostprocessing = 0;
		};
/* End PBXResourcesBuildPhase section */

/* Begin PBXSourcesBuildPhase section */
		710399492AE16FF90043CCF3 /* Sources */ = {
			isa = PBXSourcesBuildPhase;
			buildActionMask = 2147483647;
			files = (
				7103995C2AE171330043CCF3 /* UserDefaults+Extension.swift in Sources */,
				710EC5412B24B8DF0051C95C /* SelectRepoIntents.intentdefinition in Sources */,
				710399522AE16FF90043CCF3 /* IntentHandler.swift in Sources */,
			);
			runOnlyForDeploymentPostprocessing = 0;
		};
		71D8F1AD2A9CEB49009F31C7 /* Sources */ = {
			isa = PBXSourcesBuildPhase;
			buildActionMask = 2147483647;
			files = (
				71D8F1DF2AA37BC7009F31C7 /* APIManager.swift in Sources */,
				71D8F1EE2AACC937009F31C7 /* Contributor.swift in Sources */,
				71D8F1B72A9CEB49009F31C7 /* ContentView.swift in Sources */,
				710EC53F2B24B8DD0051C95C /* SelectRepoIntents.intentdefinition in Sources */,
				71D8F1B52A9CEB49009F31C7 /* RepoWatcherApp.swift in Sources */,
				710399432AC658270043CCF3 /* UserDefaults+Extension.swift in Sources */,
				71D8F1DC2AA0D79E009F31C7 /* Repository.swift in Sources */,
			);
			runOnlyForDeploymentPostprocessing = 0;
		};
		71D8F1C22A9CEBA1009F31C7 /* Sources */ = {
			isa = PBXSourcesBuildPhase;
			buildActionMask = 2147483647;
			files = (
				71D8F1E82AAA1618009F31C7 /* SingleRepoWidget.swift in Sources */,
				71D8F1EF2AACC937009F31C7 /* Contributor.swift in Sources */,
				71D8F1E22AA621D8009F31C7 /* RepoWatcherMediumView.swift in Sources */,
				710EC53D2B24B2A80051C95C /* SelectSingleRepo.swift in Sources */,
				71D8F1E42AAA0FF7009F31C7 /* MockData.swift in Sources */,
				71D8F1E02AA37BC7009F31C7 /* APIManager.swift in Sources */,
				71D8F1D02A9CEBA1009F31C7 /* DoubleRepoWidget.swift in Sources */,
				71D8F1EC2AAC68B1009F31C7 /* ContributorMediumView.swift in Sources */,
				71D8F1CE2A9CEBA1009F31C7 /* RepoWatcherWidgetBundle.swift in Sources */,
				710EC53E2B24B2F50051C95C /* UserDefaults+Extension.swift in Sources */,
				710EC5402B24B8DE0051C95C /* SelectRepoIntents.intentdefinition in Sources */,
				71D8F1DD2AA0D79E009F31C7 /* Repository.swift in Sources */,
			);
			runOnlyForDeploymentPostprocessing = 0;
		};
/* End PBXSourcesBuildPhase section */

/* Begin PBXTargetDependency section */
		710399552AE16FF90043CCF3 /* PBXTargetDependency */ = {
			isa = PBXTargetDependency;
			target = 7103994C2AE16FF90043CCF3 /* RepoWatcherIntents */;
			targetProxy = 710399542AE16FF90043CCF3 /* PBXContainerItemProxy */;
		};
		71D8F1D52A9CEBA4009F31C7 /* PBXTargetDependency */ = {
			isa = PBXTargetDependency;
			target = 71D8F1C52A9CEBA1009F31C7 /* RepoWatcherWidgetExtension */;
			targetProxy = 71D8F1D42A9CEBA4009F31C7 /* PBXContainerItemProxy */;
		};
/* End PBXTargetDependency section */

/* Begin XCBuildConfiguration section */
		710399582AE16FF90043CCF3 /* Debug */ = {
			isa = XCBuildConfiguration;
			buildSettings = {
				CODE_SIGN_ENTITLEMENTS = RepoWatcherIntents/RepoWatcherIntents.entitlements;
				CODE_SIGN_STYLE = Automatic;
				CURRENT_PROJECT_VERSION = 1;
				DEVELOPMENT_TEAM = ZGW479ZTBD;
				GENERATE_INFOPLIST_FILE = YES;
				INFOPLIST_FILE = RepoWatcherIntents/Info.plist;
				INFOPLIST_KEY_CFBundleDisplayName = RepoWatcherIntents;
				INFOPLIST_KEY_NSHumanReadableCopyright = "";
				LD_RUNPATH_SEARCH_PATHS = (
					"$(inherited)",
					"@executable_path/Frameworks",
					"@executable_path/../../Frameworks",
				);
				MARKETING_VERSION = 1.0;
				PRODUCT_BUNDLE_IDENTIFIER = tw.midnight.RepoWatcher.RepoWatcherIntents;
				PRODUCT_NAME = "$(TARGET_NAME)";
				SKIP_INSTALL = YES;
				SWIFT_EMIT_LOC_STRINGS = YES;
				SWIFT_VERSION = 5.0;
				TARGETED_DEVICE_FAMILY = "1,2";
			};
			name = Debug;
		};
		710399592AE16FF90043CCF3 /* Release */ = {
			isa = XCBuildConfiguration;
			buildSettings = {
				CODE_SIGN_ENTITLEMENTS = RepoWatcherIntents/RepoWatcherIntents.entitlements;
				CODE_SIGN_STYLE = Automatic;
				CURRENT_PROJECT_VERSION = 1;
				DEVELOPMENT_TEAM = ZGW479ZTBD;
				GENERATE_INFOPLIST_FILE = YES;
				INFOPLIST_FILE = RepoWatcherIntents/Info.plist;
				INFOPLIST_KEY_CFBundleDisplayName = RepoWatcherIntents;
				INFOPLIST_KEY_NSHumanReadableCopyright = "";
				LD_RUNPATH_SEARCH_PATHS = (
					"$(inherited)",
					"@executable_path/Frameworks",
					"@executable_path/../../Frameworks",
				);
				MARKETING_VERSION = 1.0;
				PRODUCT_BUNDLE_IDENTIFIER = tw.midnight.RepoWatcher.RepoWatcherIntents;
				PRODUCT_NAME = "$(TARGET_NAME)";
				SKIP_INSTALL = YES;
				SWIFT_EMIT_LOC_STRINGS = YES;
				SWIFT_VERSION = 5.0;
				TARGETED_DEVICE_FAMILY = "1,2";
			};
			name = Release;
		};
		71D8F1BD2A9CEB4D009F31C7 /* Debug */ = {
			isa = XCBuildConfiguration;
			buildSettings = {
				ALWAYS_SEARCH_USER_PATHS = NO;
				ASSETCATALOG_COMPILER_GENERATE_SWIFT_ASSET_SYMBOL_EXTENSIONS = YES;
				CLANG_ANALYZER_NONNULL = YES;
				CLANG_ANALYZER_NUMBER_OBJECT_CONVERSION = YES_AGGRESSIVE;
				CLANG_CXX_LANGUAGE_STANDARD = "gnu++20";
				CLANG_ENABLE_MODULES = YES;
				CLANG_ENABLE_OBJC_ARC = YES;
				CLANG_ENABLE_OBJC_WEAK = YES;
				CLANG_WARN_BLOCK_CAPTURE_AUTORELEASING = YES;
				CLANG_WARN_BOOL_CONVERSION = YES;
				CLANG_WARN_COMMA = YES;
				CLANG_WARN_CONSTANT_CONVERSION = YES;
				CLANG_WARN_DEPRECATED_OBJC_IMPLEMENTATIONS = YES;
				CLANG_WARN_DIRECT_OBJC_ISA_USAGE = YES_ERROR;
				CLANG_WARN_DOCUMENTATION_COMMENTS = YES;
				CLANG_WARN_EMPTY_BODY = YES;
				CLANG_WARN_ENUM_CONVERSION = YES;
				CLANG_WARN_INFINITE_RECURSION = YES;
				CLANG_WARN_INT_CONVERSION = YES;
				CLANG_WARN_NON_LITERAL_NULL_CONVERSION = YES;
				CLANG_WARN_OBJC_IMPLICIT_RETAIN_SELF = YES;
				CLANG_WARN_OBJC_LITERAL_CONVERSION = YES;
				CLANG_WARN_OBJC_ROOT_CLASS = YES_ERROR;
				CLANG_WARN_QUOTED_INCLUDE_IN_FRAMEWORK_HEADER = YES;
				CLANG_WARN_RANGE_LOOP_ANALYSIS = YES;
				CLANG_WARN_STRICT_PROTOTYPES = YES;
				CLANG_WARN_SUSPICIOUS_MOVE = YES;
				CLANG_WARN_UNGUARDED_AVAILABILITY = YES_AGGRESSIVE;
				CLANG_WARN_UNREACHABLE_CODE = YES;
				CLANG_WARN__DUPLICATE_METHOD_MATCH = YES;
				COPY_PHASE_STRIP = NO;
				DEBUG_INFORMATION_FORMAT = dwarf;
				ENABLE_STRICT_OBJC_MSGSEND = YES;
				ENABLE_TESTABILITY = YES;
				ENABLE_USER_SCRIPT_SANDBOXING = YES;
				GCC_C_LANGUAGE_STANDARD = gnu17;
				GCC_DYNAMIC_NO_PIC = NO;
				GCC_NO_COMMON_BLOCKS = YES;
				GCC_OPTIMIZATION_LEVEL = 0;
				GCC_PREPROCESSOR_DEFINITIONS = (
					"DEBUG=1",
					"$(inherited)",
				);
				GCC_WARN_64_TO_32_BIT_CONVERSION = YES;
				GCC_WARN_ABOUT_RETURN_TYPE = YES_ERROR;
				GCC_WARN_UNDECLARED_SELECTOR = YES;
				GCC_WARN_UNINITIALIZED_AUTOS = YES_AGGRESSIVE;
				GCC_WARN_UNUSED_FUNCTION = YES;
				GCC_WARN_UNUSED_VARIABLE = YES;
				IPHONEOS_DEPLOYMENT_TARGET = 17.0;
				LOCALIZATION_PREFERS_STRING_CATALOGS = YES;
				MTL_ENABLE_DEBUG_INFO = INCLUDE_SOURCE;
				MTL_FAST_MATH = YES;
				ONLY_ACTIVE_ARCH = YES;
				SDKROOT = iphoneos;
				SWIFT_ACTIVE_COMPILATION_CONDITIONS = "DEBUG $(inherited)";
				SWIFT_OPTIMIZATION_LEVEL = "-Onone";
			};
			name = Debug;
		};
		71D8F1BE2A9CEB4D009F31C7 /* Release */ = {
			isa = XCBuildConfiguration;
			buildSettings = {
				ALWAYS_SEARCH_USER_PATHS = NO;
				ASSETCATALOG_COMPILER_GENERATE_SWIFT_ASSET_SYMBOL_EXTENSIONS = YES;
				CLANG_ANALYZER_NONNULL = YES;
				CLANG_ANALYZER_NUMBER_OBJECT_CONVERSION = YES_AGGRESSIVE;
				CLANG_CXX_LANGUAGE_STANDARD = "gnu++20";
				CLANG_ENABLE_MODULES = YES;
				CLANG_ENABLE_OBJC_ARC = YES;
				CLANG_ENABLE_OBJC_WEAK = YES;
				CLANG_WARN_BLOCK_CAPTURE_AUTORELEASING = YES;
				CLANG_WARN_BOOL_CONVERSION = YES;
				CLANG_WARN_COMMA = YES;
				CLANG_WARN_CONSTANT_CONVERSION = YES;
				CLANG_WARN_DEPRECATED_OBJC_IMPLEMENTATIONS = YES;
				CLANG_WARN_DIRECT_OBJC_ISA_USAGE = YES_ERROR;
				CLANG_WARN_DOCUMENTATION_COMMENTS = YES;
				CLANG_WARN_EMPTY_BODY = YES;
				CLANG_WARN_ENUM_CONVERSION = YES;
				CLANG_WARN_INFINITE_RECURSION = YES;
				CLANG_WARN_INT_CONVERSION = YES;
				CLANG_WARN_NON_LITERAL_NULL_CONVERSION = YES;
				CLANG_WARN_OBJC_IMPLICIT_RETAIN_SELF = YES;
				CLANG_WARN_OBJC_LITERAL_CONVERSION = YES;
				CLANG_WARN_OBJC_ROOT_CLASS = YES_ERROR;
				CLANG_WARN_QUOTED_INCLUDE_IN_FRAMEWORK_HEADER = YES;
				CLANG_WARN_RANGE_LOOP_ANALYSIS = YES;
				CLANG_WARN_STRICT_PROTOTYPES = YES;
				CLANG_WARN_SUSPICIOUS_MOVE = YES;
				CLANG_WARN_UNGUARDED_AVAILABILITY = YES_AGGRESSIVE;
				CLANG_WARN_UNREACHABLE_CODE = YES;
				CLANG_WARN__DUPLICATE_METHOD_MATCH = YES;
				COPY_PHASE_STRIP = NO;
				DEBUG_INFORMATION_FORMAT = "dwarf-with-dsym";
				ENABLE_NS_ASSERTIONS = NO;
				ENABLE_STRICT_OBJC_MSGSEND = YES;
				ENABLE_USER_SCRIPT_SANDBOXING = YES;
				GCC_C_LANGUAGE_STANDARD = gnu17;
				GCC_NO_COMMON_BLOCKS = YES;
				GCC_WARN_64_TO_32_BIT_CONVERSION = YES;
				GCC_WARN_ABOUT_RETURN_TYPE = YES_ERROR;
				GCC_WARN_UNDECLARED_SELECTOR = YES;
				GCC_WARN_UNINITIALIZED_AUTOS = YES_AGGRESSIVE;
				GCC_WARN_UNUSED_FUNCTION = YES;
				GCC_WARN_UNUSED_VARIABLE = YES;
				IPHONEOS_DEPLOYMENT_TARGET = 17.0;
				LOCALIZATION_PREFERS_STRING_CATALOGS = YES;
				MTL_ENABLE_DEBUG_INFO = NO;
				MTL_FAST_MATH = YES;
				SDKROOT = iphoneos;
				SWIFT_COMPILATION_MODE = wholemodule;
				VALIDATE_PRODUCT = YES;
			};
			name = Release;
		};
		71D8F1C02A9CEB4D009F31C7 /* Debug */ = {
			isa = XCBuildConfiguration;
			buildSettings = {
				ALWAYS_EMBED_SWIFT_STANDARD_LIBRARIES = YES;
				ASSETCATALOG_COMPILER_APPICON_NAME = AppIcon;
				ASSETCATALOG_COMPILER_GLOBAL_ACCENT_COLOR_NAME = AccentColor;
				CODE_SIGN_ENTITLEMENTS = RepoWatcher/RepoWatcher.entitlements;
				CODE_SIGN_STYLE = Automatic;
				CURRENT_PROJECT_VERSION = 1;
				DEVELOPMENT_ASSET_PATHS = "\"RepoWatcher/Preview Content\"";
				DEVELOPMENT_TEAM = ZGW479ZTBD;
				ENABLE_PREVIEWS = YES;
				GENERATE_INFOPLIST_FILE = YES;
				INFOPLIST_FILE = RepoWatcher/Info.plist;
				INFOPLIST_KEY_UIApplicationSceneManifest_Generation = YES;
				INFOPLIST_KEY_UIApplicationSupportsIndirectInputEvents = YES;
				INFOPLIST_KEY_UILaunchScreen_Generation = YES;
				INFOPLIST_KEY_UISupportedInterfaceOrientations_iPad = "UIInterfaceOrientationPortrait UIInterfaceOrientationPortraitUpsideDown UIInterfaceOrientationLandscapeLeft UIInterfaceOrientationLandscapeRight";
				INFOPLIST_KEY_UISupportedInterfaceOrientations_iPhone = "UIInterfaceOrientationPortrait UIInterfaceOrientationLandscapeLeft UIInterfaceOrientationLandscapeRight";
				LD_RUNPATH_SEARCH_PATHS = (
					"$(inherited)",
					"@executable_path/Frameworks",
				);
				MARKETING_VERSION = 1.0;
				PRODUCT_BUNDLE_IDENTIFIER = tw.midnight.RepoWatcher;
				PRODUCT_NAME = "$(TARGET_NAME)";
				SWIFT_EMIT_LOC_STRINGS = YES;
				SWIFT_VERSION = 5.0;
				TARGETED_DEVICE_FAMILY = "1,2";
			};
			name = Debug;
		};
		71D8F1C12A9CEB4D009F31C7 /* Release */ = {
			isa = XCBuildConfiguration;
			buildSettings = {
				ALWAYS_EMBED_SWIFT_STANDARD_LIBRARIES = YES;
				ASSETCATALOG_COMPILER_APPICON_NAME = AppIcon;
				ASSETCATALOG_COMPILER_GLOBAL_ACCENT_COLOR_NAME = AccentColor;
				CODE_SIGN_ENTITLEMENTS = RepoWatcher/RepoWatcher.entitlements;
				CODE_SIGN_STYLE = Automatic;
				CURRENT_PROJECT_VERSION = 1;
				DEVELOPMENT_ASSET_PATHS = "\"RepoWatcher/Preview Content\"";
				DEVELOPMENT_TEAM = ZGW479ZTBD;
				ENABLE_PREVIEWS = YES;
				GENERATE_INFOPLIST_FILE = YES;
				INFOPLIST_FILE = RepoWatcher/Info.plist;
				INFOPLIST_KEY_UIApplicationSceneManifest_Generation = YES;
				INFOPLIST_KEY_UIApplicationSupportsIndirectInputEvents = YES;
				INFOPLIST_KEY_UILaunchScreen_Generation = YES;
				INFOPLIST_KEY_UISupportedInterfaceOrientations_iPad = "UIInterfaceOrientationPortrait UIInterfaceOrientationPortraitUpsideDown UIInterfaceOrientationLandscapeLeft UIInterfaceOrientationLandscapeRight";
				INFOPLIST_KEY_UISupportedInterfaceOrientations_iPhone = "UIInterfaceOrientationPortrait UIInterfaceOrientationLandscapeLeft UIInterfaceOrientationLandscapeRight";
				LD_RUNPATH_SEARCH_PATHS = (
					"$(inherited)",
					"@executable_path/Frameworks",
				);
				MARKETING_VERSION = 1.0;
				PRODUCT_BUNDLE_IDENTIFIER = tw.midnight.RepoWatcher;
				PRODUCT_NAME = "$(TARGET_NAME)";
				SWIFT_EMIT_LOC_STRINGS = YES;
				SWIFT_VERSION = 5.0;
				TARGETED_DEVICE_FAMILY = "1,2";
			};
			name = Release;
		};
		71D8F1D82A9CEBA4009F31C7 /* Debug */ = {
			isa = XCBuildConfiguration;
			buildSettings = {
				ASSETCATALOG_COMPILER_GLOBAL_ACCENT_COLOR_NAME = AccentColor;
				ASSETCATALOG_COMPILER_WIDGET_BACKGROUND_COLOR_NAME = WidgetBackground;
				CODE_SIGN_ENTITLEMENTS = RepoWatcherWidget/RepoWatcherWidgetExtension.entitlements;
				CODE_SIGN_STYLE = Automatic;
				CURRENT_PROJECT_VERSION = 1;
				DEVELOPMENT_TEAM = ZGW479ZTBD;
				GENERATE_INFOPLIST_FILE = YES;
				INFOPLIST_FILE = RepoWatcherWidget/Info.plist;
				INFOPLIST_KEY_CFBundleDisplayName = RepoWatcherWidget;
				INFOPLIST_KEY_NSHumanReadableCopyright = "";
				LD_RUNPATH_SEARCH_PATHS = (
					"$(inherited)",
					"@executable_path/Frameworks",
					"@executable_path/../../Frameworks",
				);
				MARKETING_VERSION = 1.0;
				PRODUCT_BUNDLE_IDENTIFIER = tw.midnight.RepoWatcher.RepoWatcherWidget;
				PRODUCT_NAME = "$(TARGET_NAME)";
				SKIP_INSTALL = YES;
				SWIFT_EMIT_LOC_STRINGS = YES;
				SWIFT_VERSION = 5.0;
				TARGETED_DEVICE_FAMILY = "1,2";
			};
			name = Debug;
		};
		71D8F1D92A9CEBA4009F31C7 /* Release */ = {
			isa = XCBuildConfiguration;
			buildSettings = {
				ASSETCATALOG_COMPILER_GLOBAL_ACCENT_COLOR_NAME = AccentColor;
				ASSETCATALOG_COMPILER_WIDGET_BACKGROUND_COLOR_NAME = WidgetBackground;
				CODE_SIGN_ENTITLEMENTS = RepoWatcherWidget/RepoWatcherWidgetExtension.entitlements;
				CODE_SIGN_STYLE = Automatic;
				CURRENT_PROJECT_VERSION = 1;
				DEVELOPMENT_TEAM = ZGW479ZTBD;
				GENERATE_INFOPLIST_FILE = YES;
				INFOPLIST_FILE = RepoWatcherWidget/Info.plist;
				INFOPLIST_KEY_CFBundleDisplayName = RepoWatcherWidget;
				INFOPLIST_KEY_NSHumanReadableCopyright = "";
				LD_RUNPATH_SEARCH_PATHS = (
					"$(inherited)",
					"@executable_path/Frameworks",
					"@executable_path/../../Frameworks",
				);
				MARKETING_VERSION = 1.0;
				PRODUCT_BUNDLE_IDENTIFIER = tw.midnight.RepoWatcher.RepoWatcherWidget;
				PRODUCT_NAME = "$(TARGET_NAME)";
				SKIP_INSTALL = YES;
				SWIFT_EMIT_LOC_STRINGS = YES;
				SWIFT_VERSION = 5.0;
				TARGETED_DEVICE_FAMILY = "1,2";
			};
			name = Release;
		};
/* End XCBuildConfiguration section */

/* Begin XCConfigurationList section */
		710399572AE16FF90043CCF3 /* Build configuration list for PBXNativeTarget "RepoWatcherIntents" */ = {
			isa = XCConfigurationList;
			buildConfigurations = (
				710399582AE16FF90043CCF3 /* Debug */,
				710399592AE16FF90043CCF3 /* Release */,
			);
			defaultConfigurationIsVisible = 0;
			defaultConfigurationName = Release;
		};
		71D8F1AC2A9CEB49009F31C7 /* Build configuration list for PBXProject "RepoWatcher" */ = {
			isa = XCConfigurationList;
			buildConfigurations = (
				71D8F1BD2A9CEB4D009F31C7 /* Debug */,
				71D8F1BE2A9CEB4D009F31C7 /* Release */,
			);
			defaultConfigurationIsVisible = 0;
			defaultConfigurationName = Release;
		};
		71D8F1BF2A9CEB4D009F31C7 /* Build configuration list for PBXNativeTarget "RepoWatcher" */ = {
			isa = XCConfigurationList;
			buildConfigurations = (
				71D8F1C02A9CEB4D009F31C7 /* Debug */,
				71D8F1C12A9CEB4D009F31C7 /* Release */,
			);
			defaultConfigurationIsVisible = 0;
			defaultConfigurationName = Release;
		};
		71D8F1D72A9CEBA4009F31C7 /* Build configuration list for PBXNativeTarget "RepoWatcherWidgetExtension" */ = {
			isa = XCConfigurationList;
			buildConfigurations = (
				71D8F1D82A9CEBA4009F31C7 /* Debug */,
				71D8F1D92A9CEBA4009F31C7 /* Release */,
			);
			defaultConfigurationIsVisible = 0;
			defaultConfigurationName = Release;
		};
/* End XCConfigurationList section */
	};
	rootObject = 71D8F1A92A9CEB49009F31C7 /* Project object */;
}
