// !$*UTF8*$!
{
	archiveVersion = 1;
	classes = {
	};
	objectVersion = 56;
	objects = {

/* Begin PBXBuildFile section */
		7175D0762AC1C7AA00710B1E /* MonthlyWidgetIntents.intentdefinition in Sources */ = {isa = PBXBuildFile; fileRef = 7175D0752AC1C7AA00710B1E /* MonthlyWidgetIntents.intentdefinition */; };
		7175D0772AC1C7AA00710B1E /* MonthlyWidgetIntents.intentdefinition in Sources */ = {isa = PBXBuildFile; fileRef = 7175D0752AC1C7AA00710B1E /* MonthlyWidgetIntents.intentdefinition */; };
		71D8F17D2A99E09E009F31C7 /* MonthlyApp.swift in Sources */ = {isa = PBXBuildFile; fileRef = 71D8F17C2A99E09E009F31C7 /* MonthlyApp.swift */; };
		71D8F17F2A99E09E009F31C7 /* ContentView.swift in Sources */ = {isa = PBXBuildFile; fileRef = 71D8F17E2A99E09E009F31C7 /* ContentView.swift */; };
		71D8F1812A99E0A1009F31C7 /* Assets.xcassets in Resources */ = {isa = PBXBuildFile; fileRef = 71D8F1802A99E0A1009F31C7 /* Assets.xcassets */; };
		71D8F1842A99E0A1009F31C7 /* Preview Assets.xcassets in Resources */ = {isa = PBXBuildFile; fileRef = 71D8F1832A99E0A1009F31C7 /* Preview Assets.xcassets */; };
		71D8F1912A99E0F2009F31C7 /* WidgetKit.framework in Frameworks */ = {isa = PBXBuildFile; fileRef = 71D8F1902A99E0F2009F31C7 /* WidgetKit.framework */; };
		71D8F1932A99E0F2009F31C7 /* SwiftUI.framework in Frameworks */ = {isa = PBXBuildFile; fileRef = 71D8F1922A99E0F2009F31C7 /* SwiftUI.framework */; };
		71D8F1962A99E0F2009F31C7 /* MonthlyWidgetBundle.swift in Sources */ = {isa = PBXBuildFile; fileRef = 71D8F1952A99E0F2009F31C7 /* MonthlyWidgetBundle.swift */; };
		71D8F1982A99E0F2009F31C7 /* MonthlyWidget.swift in Sources */ = {isa = PBXBuildFile; fileRef = 71D8F1972A99E0F2009F31C7 /* MonthlyWidget.swift */; };
		71D8F19A2A99E0F6009F31C7 /* Assets.xcassets in Resources */ = {isa = PBXBuildFile; fileRef = 71D8F1992A99E0F6009F31C7 /* Assets.xcassets */; };
		71D8F19E2A99E0F6009F31C7 /* MonthlyWidgetExtension.appex in Embed Foundation Extensions */ = {isa = PBXBuildFile; fileRef = 71D8F18E2A99E0F2009F31C7 /* MonthlyWidgetExtension.appex */; settings = {ATTRIBUTES = (RemoveHeadersOnCopy, ); }; };
		71D8F1A42A9B959F009F31C7 /* MonthConfig.swift in Sources */ = {isa = PBXBuildFile; fileRef = 71D8F1A32A9B959F009F31C7 /* MonthConfig.swift */; };
		71D8F1A62A9B972E009F31C7 /* Extension+Color.swift in Sources */ = {isa = PBXBuildFile; fileRef = 71D8F1A52A9B972E009F31C7 /* Extension+Color.swift */; };
		71D8F1A72A9B972E009F31C7 /* Extension+Color.swift in Sources */ = {isa = PBXBuildFile; fileRef = 71D8F1A52A9B972E009F31C7 /* Extension+Color.swift */; };
/* End PBXBuildFile section */

/* Begin PBXContainerItemProxy section */
		71D8F19C2A99E0F6009F31C7 /* PBXContainerItemProxy */ = {
			isa = PBXContainerItemProxy;
			containerPortal = 71D8F1712A99E09E009F31C7 /* Project object */;
			proxyType = 1;
			remoteGlobalIDString = 71D8F18D2A99E0F2009F31C7;
			remoteInfo = MonthlyWidgetExtension;
		};
/* End PBXContainerItemProxy section */

/* Begin PBXCopyFilesBuildPhase section */
		71D8F1A22A99E0F6009F31C7 /* Embed Foundation Extensions */ = {
			isa = PBXCopyFilesBuildPhase;
			buildActionMask = 2147483647;
			dstPath = "";
			dstSubfolderSpec = 13;
			files = (
				71D8F19E2A99E0F6009F31C7 /* MonthlyWidgetExtension.appex in Embed Foundation Extensions */,
			);
			name = "Embed Foundation Extensions";
			runOnlyForDeploymentPostprocessing = 0;
		};
/* End PBXCopyFilesBuildPhase section */

/* Begin PBXFileReference section */
		7175D0752AC1C7AA00710B1E /* MonthlyWidgetIntents.intentdefinition */ = {isa = PBXFileReference; lastKnownFileType = file.intentdefinition; path = MonthlyWidgetIntents.intentdefinition; sourceTree = "<group>"; };
		7175D0782AC1C7BC00710B1E /* Info.plist */ = {isa = PBXFileReference; lastKnownFileType = text.plist; path = Info.plist; sourceTree = "<group>"; };
		71D8F1792A99E09E009F31C7 /* Monthly.app */ = {isa = PBXFileReference; explicitFileType = wrapper.application; includeInIndex = 0; path = Monthly.app; sourceTree = BUILT_PRODUCTS_DIR; };
		71D8F17C2A99E09E009F31C7 /* MonthlyApp.swift */ = {isa = PBXFileReference; lastKnownFileType = sourcecode.swift; path = MonthlyApp.swift; sourceTree = "<group>"; };
		71D8F17E2A99E09E009F31C7 /* ContentView.swift */ = {isa = PBXFileReference; lastKnownFileType = sourcecode.swift; path = ContentView.swift; sourceTree = "<group>"; };
		71D8F1802A99E0A1009F31C7 /* Assets.xcassets */ = {isa = PBXFileReference; lastKnownFileType = folder.assetcatalog; path = Assets.xcassets; sourceTree = "<group>"; };
		71D8F1832A99E0A1009F31C7 /* Preview Assets.xcassets */ = {isa = PBXFileReference; lastKnownFileType = folder.assetcatalog; path = "Preview Assets.xcassets"; sourceTree = "<group>"; };
		71D8F18E2A99E0F2009F31C7 /* MonthlyWidgetExtension.appex */ = {isa = PBXFileReference; explicitFileType = "wrapper.app-extension"; includeInIndex = 0; path = MonthlyWidgetExtension.appex; sourceTree = BUILT_PRODUCTS_DIR; };
		71D8F1902A99E0F2009F31C7 /* WidgetKit.framework */ = {isa = PBXFileReference; lastKnownFileType = wrapper.framework; name = WidgetKit.framework; path = System/Library/Frameworks/WidgetKit.framework; sourceTree = SDKROOT; };
		71D8F1922A99E0F2009F31C7 /* SwiftUI.framework */ = {isa = PBXFileReference; lastKnownFileType = wrapper.framework; name = SwiftUI.framework; path = System/Library/Frameworks/SwiftUI.framework; sourceTree = SDKROOT; };
		71D8F1952A99E0F2009F31C7 /* MonthlyWidgetBundle.swift */ = {isa = PBXFileReference; lastKnownFileType = sourcecode.swift; path = MonthlyWidgetBundle.swift; sourceTree = "<group>"; };
		71D8F1972A99E0F2009F31C7 /* MonthlyWidget.swift */ = {isa = PBXFileReference; lastKnownFileType = sourcecode.swift; path = MonthlyWidget.swift; sourceTree = "<group>"; };
		71D8F1992A99E0F6009F31C7 /* Assets.xcassets */ = {isa = PBXFileReference; lastKnownFileType = folder.assetcatalog; path = Assets.xcassets; sourceTree = "<group>"; };
		71D8F19B2A99E0F6009F31C7 /* Info.plist */ = {isa = PBXFileReference; lastKnownFileType = text.plist.xml; path = Info.plist; sourceTree = "<group>"; };
		71D8F1A32A9B959F009F31C7 /* MonthConfig.swift */ = {isa = PBXFileReference; lastKnownFileType = sourcecode.swift; path = MonthConfig.swift; sourceTree = "<group>"; };
		71D8F1A52A9B972E009F31C7 /* Extension+Color.swift */ = {isa = PBXFileReference; lastKnownFileType = sourcecode.swift; path = "Extension+Color.swift"; sourceTree = "<group>"; };
/* End PBXFileReference section */

/* Begin PBXFrameworksBuildPhase section */
		71D8F1762A99E09E009F31C7 /* Frameworks */ = {
			isa = PBXFrameworksBuildPhase;
			buildActionMask = 2147483647;
			files = (
			);
			runOnlyForDeploymentPostprocessing = 0;
		};
		71D8F18B2A99E0F2009F31C7 /* Frameworks */ = {
			isa = PBXFrameworksBuildPhase;
			buildActionMask = 2147483647;
			files = (
				71D8F1932A99E0F2009F31C7 /* SwiftUI.framework in Frameworks */,
				71D8F1912A99E0F2009F31C7 /* WidgetKit.framework in Frameworks */,
			);
			runOnlyForDeploymentPostprocessing = 0;
		};
/* End PBXFrameworksBuildPhase section */

/* Begin PBXGroup section */
		71D8F1702A99E09E009F31C7 = {
			isa = PBXGroup;
			children = (
				71D8F17B2A99E09E009F31C7 /* Monthly */,
				71D8F1942A99E0F2009F31C7 /* MonthlyWidget */,
				71D8F18F2A99E0F2009F31C7 /* Frameworks */,
				71D8F17A2A99E09E009F31C7 /* Products */,
			);
			sourceTree = "<group>";
		};
		71D8F17A2A99E09E009F31C7 /* Products */ = {
			isa = PBXGroup;
			children = (
				71D8F1792A99E09E009F31C7 /* Monthly.app */,
				71D8F18E2A99E0F2009F31C7 /* MonthlyWidgetExtension.appex */,
			);
			name = Products;
			sourceTree = "<group>";
		};
		71D8F17B2A99E09E009F31C7 /* Monthly */ = {
			isa = PBXGroup;
			children = (
				7175D0782AC1C7BC00710B1E /* Info.plist */,
				71D8F17C2A99E09E009F31C7 /* MonthlyApp.swift */,
				71D8F17E2A99E09E009F31C7 /* ContentView.swift */,
				71D8F1A52A9B972E009F31C7 /* Extension+Color.swift */,
				71D8F1802A99E0A1009F31C7 /* Assets.xcassets */,
				71D8F1822A99E0A1009F31C7 /* Preview Content */,
			);
			path = Monthly;
			sourceTree = "<group>";
		};
		71D8F1822A99E0A1009F31C7 /* Preview Content */ = {
			isa = PBXGroup;
			children = (
				71D8F1832A99E0A1009F31C7 /* Preview Assets.xcassets */,
			);
			path = "Preview Content";
			sourceTree = "<group>";
		};
		71D8F18F2A99E0F2009F31C7 /* Frameworks */ = {
			isa = PBXGroup;
			children = (
				71D8F1902A99E0F2009F31C7 /* WidgetKit.framework */,
				71D8F1922A99E0F2009F31C7 /* SwiftUI.framework */,
			);
			name = Frameworks;
			sourceTree = "<group>";
		};
		71D8F1942A99E0F2009F31C7 /* MonthlyWidget */ = {
			isa = PBXGroup;
			children = (
				71D8F1952A99E0F2009F31C7 /* MonthlyWidgetBundle.swift */,
				71D8F1972A99E0F2009F31C7 /* MonthlyWidget.swift */,
				71D8F1A32A9B959F009F31C7 /* MonthConfig.swift */,
				71D8F1992A99E0F6009F31C7 /* Assets.xcassets */,
				71D8F19B2A99E0F6009F31C7 /* Info.plist */,
				7175D0752AC1C7AA00710B1E /* MonthlyWidgetIntents.intentdefinition */,
			);
			path = MonthlyWidget;
			sourceTree = "<group>";
		};
/* End PBXGroup section */

/* Begin PBXNativeTarget section */
		71D8F1782A99E09E009F31C7 /* Monthly */ = {
			isa = PBXNativeTarget;
			buildConfigurationList = 71D8F1872A99E0A1009F31C7 /* Build configuration list for PBXNativeTarget "Monthly" */;
			buildPhases = (
				71D8F1752A99E09E009F31C7 /* Sources */,
				71D8F1762A99E09E009F31C7 /* Frameworks */,
				71D8F1772A99E09E009F31C7 /* Resources */,
				71D8F1A22A99E0F6009F31C7 /* Embed Foundation Extensions */,
			);
			buildRules = (
			);
			dependencies = (
				71D8F19D2A99E0F6009F31C7 /* PBXTargetDependency */,
			);
			name = Monthly;
			productName = Monthly;
			productReference = 71D8F1792A99E09E009F31C7 /* Monthly.app */;
			productType = "com.apple.product-type.application";
		};
		71D8F18D2A99E0F2009F31C7 /* MonthlyWidgetExtension */ = {
			isa = PBXNativeTarget;
			buildConfigurationList = 71D8F19F2A99E0F6009F31C7 /* Build configuration list for PBXNativeTarget "MonthlyWidgetExtension" */;
			buildPhases = (
				71D8F18A2A99E0F2009F31C7 /* Sources */,
				71D8F18B2A99E0F2009F31C7 /* Frameworks */,
				71D8F18C2A99E0F2009F31C7 /* Resources */,
			);
			buildRules = (
			);
			dependencies = (
			);
			name = MonthlyWidgetExtension;
			productName = MonthlyWidgetExtension;
			productReference = 71D8F18E2A99E0F2009F31C7 /* MonthlyWidgetExtension.appex */;
			productType = "com.apple.product-type.app-extension";
		};
/* End PBXNativeTarget section */

/* Begin PBXProject section */
		71D8F1712A99E09E009F31C7 /* Project object */ = {
			isa = PBXProject;
			attributes = {
				BuildIndependentTargetsInParallel = 1;
				LastSwiftUpdateCheck = 1500;
				LastUpgradeCheck = 1500;
				TargetAttributes = {
					71D8F1782A99E09E009F31C7 = {
						CreatedOnToolsVersion = 15.0;
					};
					71D8F18D2A99E0F2009F31C7 = {
						CreatedOnToolsVersion = 15.0;
					};
				};
			};
			buildConfigurationList = 71D8F1742A99E09E009F31C7 /* Build configuration list for PBXProject "Monthly" */;
			compatibilityVersion = "Xcode 14.0";
			developmentRegion = en;
			hasScannedForEncodings = 0;
			knownRegions = (
				en,
				Base,
			);
			mainGroup = 71D8F1702A99E09E009F31C7;
			productRefGroup = 71D8F17A2A99E09E009F31C7 /* Products */;
			projectDirPath = "";
			projectRoot = "";
			targets = (
				71D8F1782A99E09E009F31C7 /* Monthly */,
				71D8F18D2A99E0F2009F31C7 /* MonthlyWidgetExtension */,
			);
		};
/* End PBXProject section */

/* Begin PBXResourcesBuildPhase section */
		71D8F1772A99E09E009F31C7 /* Resources */ = {
			isa = PBXResourcesBuildPhase;
			buildActionMask = 2147483647;
			files = (
				71D8F1842A99E0A1009F31C7 /* Preview Assets.xcassets in Resources */,
				71D8F1812A99E0A1009F31C7 /* Assets.xcassets in Resources */,
			);
			runOnlyForDeploymentPostprocessing = 0;
		};
		71D8F18C2A99E0F2009F31C7 /* Resources */ = {
			isa = PBXResourcesBuildPhase;
			buildActionMask = 2147483647;
			files = (
				71D8F19A2A99E0F6009F31C7 /* Assets.xcassets in Resources */,
			);
			runOnlyForDeploymentPostprocessing = 0;
		};
/* End PBXResourcesBuildPhase section */

/* Begin PBXSourcesBuildPhase section */
		71D8F1752A99E09E009F31C7 /* Sources */ = {
			isa = PBXSourcesBuildPhase;
			buildActionMask = 2147483647;
			files = (
				71D8F17F2A99E09E009F31C7 /* ContentView.swift in Sources */,
				71D8F1A62A9B972E009F31C7 /* Extension+Color.swift in Sources */,
				7175D0762AC1C7AA00710B1E /* MonthlyWidgetIntents.intentdefinition in Sources */,
				71D8F17D2A99E09E009F31C7 /* MonthlyApp.swift in Sources */,
			);
			runOnlyForDeploymentPostprocessing = 0;
		};
		71D8F18A2A99E0F2009F31C7 /* Sources */ = {
			isa = PBXSourcesBuildPhase;
			buildActionMask = 2147483647;
			files = (
				71D8F1962A99E0F2009F31C7 /* MonthlyWidgetBundle.swift in Sources */,
				71D8F1A42A9B959F009F31C7 /* MonthConfig.swift in Sources */,
				7175D0772AC1C7AA00710B1E /* MonthlyWidgetIntents.intentdefinition in Sources */,
				71D8F1982A99E0F2009F31C7 /* MonthlyWidget.swift in Sources */,
				71D8F1A72A9B972E009F31C7 /* Extension+Color.swift in Sources */,
			);
			runOnlyForDeploymentPostprocessing = 0;
		};
/* End PBXSourcesBuildPhase section */

/* Begin PBXTargetDependency section */
		71D8F19D2A99E0F6009F31C7 /* PBXTargetDependency */ = {
			isa = PBXTargetDependency;
			target = 71D8F18D2A99E0F2009F31C7 /* MonthlyWidgetExtension */;
			targetProxy = 71D8F19C2A99E0F6009F31C7 /* PBXContainerItemProxy */;
		};
/* End PBXTargetDependency section */

/* Begin XCBuildConfiguration section */
		71D8F1852A99E0A1009F31C7 /* Debug */ = {
			isa = XCBuildConfiguration;
			buildSettings = {
				ALWAYS_SEARCH_USER_PATHS = NO;
				ASSETCATALOG_COMPILER_GENERATE_SWIFT_ASSET_SYMBOL_EXTENSIONS = YES;
				CLANG_ANALYZER_NONNULL = YES;
				CLANG_ANALYZER_NUMBER_OBJECT_CONVERSION = YES_AGGRESSIVE;
				CLANG_CXX_LANGUAGE_STANDARD = "gnu++20";
				CLANG_ENABLE_MODULES = YES;
				CLANG_ENABLE_OBJC_ARC = YES;
				CLANG_ENABLE_OBJC_WEAK = YES;
				CLANG_WARN_BLOCK_CAPTURE_AUTORELEASING = YES;
				CLANG_WARN_BOOL_CONVERSION = YES;
				CLANG_WARN_COMMA = YES;
				CLANG_WARN_CONSTANT_CONVERSION = YES;
				CLANG_WARN_DEPRECATED_OBJC_IMPLEMENTATIONS = YES;
				CLANG_WARN_DIRECT_OBJC_ISA_USAGE = YES_ERROR;
				CLANG_WARN_DOCUMENTATION_COMMENTS = YES;
				CLANG_WARN_EMPTY_BODY = YES;
				CLANG_WARN_ENUM_CONVERSION = YES;
				CLANG_WARN_INFINITE_RECURSION = YES;
				CLANG_WARN_INT_CONVERSION = YES;
				CLANG_WARN_NON_LITERAL_NULL_CONVERSION = YES;
				CLANG_WARN_OBJC_IMPLICIT_RETAIN_SELF = YES;
				CLANG_WARN_OBJC_LITERAL_CONVERSION = YES;
				CLANG_WARN_OBJC_ROOT_CLASS = YES_ERROR;
				CLANG_WARN_QUOTED_INCLUDE_IN_FRAMEWORK_HEADER = YES;
				CLANG_WARN_RANGE_LOOP_ANALYSIS = YES;
				CLANG_WARN_STRICT_PROTOTYPES = YES;
				CLANG_WARN_SUSPICIOUS_MOVE = YES;
				CLANG_WARN_UNGUARDED_AVAILABILITY = YES_AGGRESSIVE;
				CLANG_WARN_UNREACHABLE_CODE = YES;
				CLANG_WARN__DUPLICATE_METHOD_MATCH = YES;
				COPY_PHASE_STRIP = NO;
				DEBUG_INFORMATION_FORMAT = dwarf;
				ENABLE_STRICT_OBJC_MSGSEND = YES;
				ENABLE_TESTABILITY = YES;
				ENABLE_USER_SCRIPT_SANDBOXING = YES;
				GCC_C_LANGUAGE_STANDARD = gnu17;
				GCC_DYNAMIC_NO_PIC = NO;
				GCC_NO_COMMON_BLOCKS = YES;
				GCC_OPTIMIZATION_LEVEL = 0;
				GCC_PREPROCESSOR_DEFINITIONS = (
					"DEBUG=1",
					"$(inherited)",
				);
				GCC_WARN_64_TO_32_BIT_CONVERSION = YES;
				GCC_WARN_ABOUT_RETURN_TYPE = YES_ERROR;
				GCC_WARN_UNDECLARED_SELECTOR = YES;
				GCC_WARN_UNINITIALIZED_AUTOS = YES_AGGRESSIVE;
				GCC_WARN_UNUSED_FUNCTION = YES;
				GCC_WARN_UNUSED_VARIABLE = YES;
				IPHONEOS_DEPLOYMENT_TARGET = 17.0;
				LOCALIZATION_PREFERS_STRING_CATALOGS = YES;
				MTL_ENABLE_DEBUG_INFO = INCLUDE_SOURCE;
				MTL_FAST_MATH = YES;
				ONLY_ACTIVE_ARCH = YES;
				SDKROOT = iphoneos;
				SWIFT_ACTIVE_COMPILATION_CONDITIONS = "DEBUG $(inherited)";
				SWIFT_OPTIMIZATION_LEVEL = "-Onone";
			};
			name = Debug;
		};
		71D8F1862A99E0A1009F31C7 /* Release */ = {
			isa = XCBuildConfiguration;
			buildSettings = {
				ALWAYS_SEARCH_USER_PATHS = NO;
				ASSETCATALOG_COMPILER_GENERATE_SWIFT_ASSET_SYMBOL_EXTENSIONS = YES;
				CLANG_ANALYZER_NONNULL = YES;
				CLANG_ANALYZER_NUMBER_OBJECT_CONVERSION = YES_AGGRESSIVE;
				CLANG_CXX_LANGUAGE_STANDARD = "gnu++20";
				CLANG_ENABLE_MODULES = YES;
				CLANG_ENABLE_OBJC_ARC = YES;
				CLANG_ENABLE_OBJC_WEAK = YES;
				CLANG_WARN_BLOCK_CAPTURE_AUTORELEASING = YES;
				CLANG_WARN_BOOL_CONVERSION = YES;
				CLANG_WARN_COMMA = YES;
				CLANG_WARN_CONSTANT_CONVERSION = YES;
				CLANG_WARN_DEPRECATED_OBJC_IMPLEMENTATIONS = YES;
				CLANG_WARN_DIRECT_OBJC_ISA_USAGE = YES_ERROR;
				CLANG_WARN_DOCUMENTATION_COMMENTS = YES;
				CLANG_WARN_EMPTY_BODY = YES;
				CLANG_WARN_ENUM_CONVERSION = YES;
				CLANG_WARN_INFINITE_RECURSION = YES;
				CLANG_WARN_INT_CONVERSION = YES;
				CLANG_WARN_NON_LITERAL_NULL_CONVERSION = YES;
				CLANG_WARN_OBJC_IMPLICIT_RETAIN_SELF = YES;
				CLANG_WARN_OBJC_LITERAL_CONVERSION = YES;
				CLANG_WARN_OBJC_ROOT_CLASS = YES_ERROR;
				CLANG_WARN_QUOTED_INCLUDE_IN_FRAMEWORK_HEADER = YES;
				CLANG_WARN_RANGE_LOOP_ANALYSIS = YES;
				CLANG_WARN_STRICT_PROTOTYPES = YES;
				CLANG_WARN_SUSPICIOUS_MOVE = YES;
				CLANG_WARN_UNGUARDED_AVAILABILITY = YES_AGGRESSIVE;
				CLANG_WARN_UNREACHABLE_CODE = YES;
				CLANG_WARN__DUPLICATE_METHOD_MATCH = YES;
				COPY_PHASE_STRIP = NO;
				DEBUG_INFORMATION_FORMAT = "dwarf-with-dsym";
				ENABLE_NS_ASSERTIONS = NO;
				ENABLE_STRICT_OBJC_MSGSEND = YES;
				ENABLE_USER_SCRIPT_SANDBOXING = YES;
				GCC_C_LANGUAGE_STANDARD = gnu17;
				GCC_NO_COMMON_BLOCKS = YES;
				GCC_WARN_64_TO_32_BIT_CONVERSION = YES;
				GCC_WARN_ABOUT_RETURN_TYPE = YES_ERROR;
				GCC_WARN_UNDECLARED_SELECTOR = YES;
				GCC_WARN_UNINITIALIZED_AUTOS = YES_AGGRESSIVE;
				GCC_WARN_UNUSED_FUNCTION = YES;
				GCC_WARN_UNUSED_VARIABLE = YES;
				IPHONEOS_DEPLOYMENT_TARGET = 17.0;
				LOCALIZATION_PREFERS_STRING_CATALOGS = YES;
				MTL_ENABLE_DEBUG_INFO = NO;
				MTL_FAST_MATH = YES;
				SDKROOT = iphoneos;
				SWIFT_COMPILATION_MODE = wholemodule;
				VALIDATE_PRODUCT = YES;
			};
			name = Release;
		};
		71D8F1882A99E0A1009F31C7 /* Debug */ = {
			isa = XCBuildConfiguration;
			buildSettings = {
				ALWAYS_EMBED_SWIFT_STANDARD_LIBRARIES = YES;
				ASSETCATALOG_COMPILER_APPICON_NAME = AppIcon;
				ASSETCATALOG_COMPILER_GLOBAL_ACCENT_COLOR_NAME = AccentColor;
				CODE_SIGN_STYLE = Automatic;
				CURRENT_PROJECT_VERSION = 1;
				DEVELOPMENT_ASSET_PATHS = "\"Monthly/Preview Content\"";
				DEVELOPMENT_TEAM = ZGW479ZTBD;
				ENABLE_PREVIEWS = YES;
				GENERATE_INFOPLIST_FILE = YES;
				INFOPLIST_FILE = Monthly/Info.plist;
				INFOPLIST_KEY_UIApplicationSceneManifest_Generation = YES;
				INFOPLIST_KEY_UIApplicationSupportsIndirectInputEvents = YES;
				INFOPLIST_KEY_UILaunchScreen_Generation = YES;
				INFOPLIST_KEY_UISupportedInterfaceOrientations_iPad = "UIInterfaceOrientationPortrait UIInterfaceOrientationPortraitUpsideDown UIInterfaceOrientationLandscapeLeft UIInterfaceOrientationLandscapeRight";
				INFOPLIST_KEY_UISupportedInterfaceOrientations_iPhone = "UIInterfaceOrientationPortrait UIInterfaceOrientationLandscapeLeft UIInterfaceOrientationLandscapeRight";
				LD_RUNPATH_SEARCH_PATHS = (
					"$(inherited)",
					"@executable_path/Frameworks",
				);
				MARKETING_VERSION = 1.0;
				PRODUCT_BUNDLE_IDENTIFIER = tw.midnight.Monthly;
				PRODUCT_NAME = "$(TARGET_NAME)";
				SWIFT_EMIT_LOC_STRINGS = YES;
				SWIFT_VERSION = 5.0;
				TARGETED_DEVICE_FAMILY = "1,2";
			};
			name = Debug;
		};
		71D8F1892A99E0A1009F31C7 /* Release */ = {
			isa = XCBuildConfiguration;
			buildSettings = {
				ALWAYS_EMBED_SWIFT_STANDARD_LIBRARIES = YES;
				ASSETCATALOG_COMPILER_APPICON_NAME = AppIcon;
				ASSETCATALOG_COMPILER_GLOBAL_ACCENT_COLOR_NAME = AccentColor;
				CODE_SIGN_STYLE = Automatic;
				CURRENT_PROJECT_VERSION = 1;
				DEVELOPMENT_ASSET_PATHS = "\"Monthly/Preview Content\"";
				DEVELOPMENT_TEAM = ZGW479ZTBD;
				ENABLE_PREVIEWS = YES;
				GENERATE_INFOPLIST_FILE = YES;
				INFOPLIST_FILE = Monthly/Info.plist;
				INFOPLIST_KEY_UIApplicationSceneManifest_Generation = YES;
				INFOPLIST_KEY_UIApplicationSupportsIndirectInputEvents = YES;
				INFOPLIST_KEY_UILaunchScreen_Generation = YES;
				INFOPLIST_KEY_UISupportedInterfaceOrientations_iPad = "UIInterfaceOrientationPortrait UIInterfaceOrientationPortraitUpsideDown UIInterfaceOrientationLandscapeLeft UIInterfaceOrientationLandscapeRight";
				INFOPLIST_KEY_UISupportedInterfaceOrientations_iPhone = "UIInterfaceOrientationPortrait UIInterfaceOrientationLandscapeLeft UIInterfaceOrientationLandscapeRight";
				LD_RUNPATH_SEARCH_PATHS = (
					"$(inherited)",
					"@executable_path/Frameworks",
				);
				MARKETING_VERSION = 1.0;
				PRODUCT_BUNDLE_IDENTIFIER = tw.midnight.Monthly;
				PRODUCT_NAME = "$(TARGET_NAME)";
				SWIFT_EMIT_LOC_STRINGS = YES;
				SWIFT_VERSION = 5.0;
				TARGETED_DEVICE_FAMILY = "1,2";
			};
			name = Release;
		};
		71D8F1A02A99E0F6009F31C7 /* Debug */ = {
			isa = XCBuildConfiguration;
			buildSettings = {
				ASSETCATALOG_COMPILER_GLOBAL_ACCENT_COLOR_NAME = AccentColor;
				ASSETCATALOG_COMPILER_WIDGET_BACKGROUND_COLOR_NAME = WidgetBackground;
				CODE_SIGN_STYLE = Automatic;
				CURRENT_PROJECT_VERSION = 1;
				DEVELOPMENT_TEAM = ZGW479ZTBD;
				GENERATE_INFOPLIST_FILE = YES;
				INFOPLIST_FILE = MonthlyWidget/Info.plist;
				INFOPLIST_KEY_CFBundleDisplayName = MonthlyWidget;
				INFOPLIST_KEY_NSHumanReadableCopyright = "";
				LD_RUNPATH_SEARCH_PATHS = (
					"$(inherited)",
					"@executable_path/Frameworks",
					"@executable_path/../../Frameworks",
				);
				MARKETING_VERSION = 1.0;
				PRODUCT_BUNDLE_IDENTIFIER = tw.midnight.Monthly.MonthlyWidget;
				PRODUCT_NAME = "$(TARGET_NAME)";
				SKIP_INSTALL = YES;
				SWIFT_EMIT_LOC_STRINGS = YES;
				SWIFT_VERSION = 5.0;
				TARGETED_DEVICE_FAMILY = "1,2";
			};
			name = Debug;
		};
		71D8F1A12A99E0F6009F31C7 /* Release */ = {
			isa = XCBuildConfiguration;
			buildSettings = {
				ASSETCATALOG_COMPILER_GLOBAL_ACCENT_COLOR_NAME = AccentColor;
				ASSETCATALOG_COMPILER_WIDGET_BACKGROUND_COLOR_NAME = WidgetBackground;
				CODE_SIGN_STYLE = Automatic;
				CURRENT_PROJECT_VERSION = 1;
				DEVELOPMENT_TEAM = ZGW479ZTBD;
				GENERATE_INFOPLIST_FILE = YES;
				INFOPLIST_FILE = MonthlyWidget/Info.plist;
				INFOPLIST_KEY_CFBundleDisplayName = MonthlyWidget;
				INFOPLIST_KEY_NSHumanReadableCopyright = "";
				LD_RUNPATH_SEARCH_PATHS = (
					"$(inherited)",
					"@executable_path/Frameworks",
					"@executable_path/../../Frameworks",
				);
				MARKETING_VERSION = 1.0;
				PRODUCT_BUNDLE_IDENTIFIER = tw.midnight.Monthly.MonthlyWidget;
				PRODUCT_NAME = "$(TARGET_NAME)";
				SKIP_INSTALL = YES;
				SWIFT_EMIT_LOC_STRINGS = YES;
				SWIFT_VERSION = 5.0;
				TARGETED_DEVICE_FAMILY = "1,2";
			};
			name = Release;
		};
/* End XCBuildConfiguration section */

/* Begin XCConfigurationList section */
		71D8F1742A99E09E009F31C7 /* Build configuration list for PBXProject "Monthly" */ = {
			isa = XCConfigurationList;
			buildConfigurations = (
				71D8F1852A99E0A1009F31C7 /* Debug */,
				71D8F1862A99E0A1009F31C7 /* Release */,
			);
			defaultConfigurationIsVisible = 0;
			defaultConfigurationName = Release;
		};
		71D8F1872A99E0A1009F31C7 /* Build configuration list for PBXNativeTarget "Monthly" */ = {
			isa = XCConfigurationList;
			buildConfigurations = (
				71D8F1882A99E0A1009F31C7 /* Debug */,
				71D8F1892A99E0A1009F31C7 /* Release */,
			);
			defaultConfigurationIsVisible = 0;
			defaultConfigurationName = Release;
		};
		71D8F19F2A99E0F6009F31C7 /* Build configuration list for PBXNativeTarget "MonthlyWidgetExtension" */ = {
			isa = XCConfigurationList;
			buildConfigurations = (
				71D8F1A02A99E0F6009F31C7 /* Debug */,
				71D8F1A12A99E0F6009F31C7 /* Release */,
			);
			defaultConfigurationIsVisible = 0;
			defaultConfigurationName = Release;
		};
/* End XCConfigurationList section */
	};
	rootObject = 71D8F1712A99E09E009F31C7 /* Project object */;
}
