// !$*UTF8*$!
{
	archiveVersion = 1;
	classes = {
	};
	objectVersion = 56;
	objects = {

/* Begin PBXBuildFile section */
		71212F6F2AB1FC0800375AA0 /* Date+Extension.swift in Sources */ = {isa = PBXBuildFile; fileRef = 71212F6E2AB1FC0800375AA0 /* Date+Extension.swift */; };
		71212F712AB34F7200375AA0 /* StreakView.swift in Sources */ = {isa = PBXBuildFile; fileRef = 71212F702AB34F7200375AA0 /* StreakView.swift */; };
		718C671A2AB8915E0088CCC1 /* WidgetKit.framework in Frameworks */ = {isa = PBXBuildFile; fileRef = 718C67192AB8915E0088CCC1 /* WidgetKit.framework */; };
		718C671C2AB8915E0088CCC1 /* SwiftUI.framework in Frameworks */ = {isa = PBXBuildFile; fileRef = 718C671B2AB8915E0088CCC1 /* SwiftUI.framework */; };
		718C671F2AB8915E0088CCC1 /* SwiftCalWidgetBundle.swift in Sources */ = {isa = PBXBuildFile; fileRef = 718C671E2AB8915E0088CCC1 /* SwiftCalWidgetBundle.swift */; };
		718C67212AB8915E0088CCC1 /* SwiftCalWidget.swift in Sources */ = {isa = PBXBuildFile; fileRef = 718C67202AB8915E0088CCC1 /* SwiftCalWidget.swift */; };
		718C67232AB891600088CCC1 /* Assets.xcassets in Resources */ = {isa = PBXBuildFile; fileRef = 718C67222AB891600088CCC1 /* Assets.xcassets */; };
		718C67272AB891600088CCC1 /* SwiftCalWidgetExtension.appex in Embed Foundation Extensions */ = {isa = PBXBuildFile; fileRef = 718C67172AB8915E0088CCC1 /* SwiftCalWidgetExtension.appex */; settings = {ATTRIBUTES = (RemoveHeadersOnCopy, ); }; };
		718C67302AB9DFFC0088CCC1 /* CalendarHeaderView.swift in Sources */ = {isa = PBXBuildFile; fileRef = 718C672F2AB9DFFC0088CCC1 /* CalendarHeaderView.swift */; };
		718C67312AB9DFFC0088CCC1 /* CalendarHeaderView.swift in Sources */ = {isa = PBXBuildFile; fileRef = 718C672F2AB9DFFC0088CCC1 /* CalendarHeaderView.swift */; };
		718C67322AB9E35B0088CCC1 /* SwiftCal.xcdatamodeld in Sources */ = {isa = PBXBuildFile; fileRef = 71D8F2072AAD98F4009F31C7 /* SwiftCal.xcdatamodeld */; };
		718C67332AB9E47C0088CCC1 /* Date+Extension.swift in Sources */ = {isa = PBXBuildFile; fileRef = 71212F6E2AB1FC0800375AA0 /* Date+Extension.swift */; };
		718C67342AB9E4E50088CCC1 /* Persistence.swift in Sources */ = {isa = PBXBuildFile; fileRef = 71D8F2052AAD98F4009F31C7 /* Persistence.swift */; };
		71D8F1FD2AAD98F0009F31C7 /* SwiftCalApp.swift in Sources */ = {isa = PBXBuildFile; fileRef = 71D8F1FC2AAD98F0009F31C7 /* SwiftCalApp.swift */; };
		71D8F1FF2AAD98F0009F31C7 /* CalendarView.swift in Sources */ = {isa = PBXBuildFile; fileRef = 71D8F1FE2AAD98F0009F31C7 /* CalendarView.swift */; };
		71D8F2012AAD98F4009F31C7 /* Assets.xcassets in Resources */ = {isa = PBXBuildFile; fileRef = 71D8F2002AAD98F4009F31C7 /* Assets.xcassets */; };
		71D8F2042AAD98F4009F31C7 /* Preview Assets.xcassets in Resources */ = {isa = PBXBuildFile; fileRef = 71D8F2032AAD98F4009F31C7 /* Preview Assets.xcassets */; };
		71D8F2062AAD98F4009F31C7 /* Persistence.swift in Sources */ = {isa = PBXBuildFile; fileRef = 71D8F2052AAD98F4009F31C7 /* Persistence.swift */; };
		71D8F2092AAD98F4009F31C7 /* SwiftCal.xcdatamodeld in Sources */ = {isa = PBXBuildFile; fileRef = 71D8F2072AAD98F4009F31C7 /* SwiftCal.xcdatamodeld */; };
/* End PBXBuildFile section */

/* Begin PBXContainerItemProxy section */
		718C67252AB891600088CCC1 /* PBXContainerItemProxy */ = {
			isa = PBXContainerItemProxy;
			containerPortal = 71D8F1F12AAD98F0009F31C7 /* Project object */;
			proxyType = 1;
			remoteGlobalIDString = 718C67162AB8915E0088CCC1;
			remoteInfo = SwiftCalWidgetExtension;
		};
/* End PBXContainerItemProxy section */

/* Begin PBXCopyFilesBuildPhase section */
		718C67282AB891600088CCC1 /* Embed Foundation Extensions */ = {
			isa = PBXCopyFilesBuildPhase;
			buildActionMask = 2147483647;
			dstPath = "";
			dstSubfolderSpec = 13;
			files = (
				718C67272AB891600088CCC1 /* SwiftCalWidgetExtension.appex in Embed Foundation Extensions */,
			);
			name = "Embed Foundation Extensions";
			runOnlyForDeploymentPostprocessing = 0;
		};
/* End PBXCopyFilesBuildPhase section */

/* Begin PBXFileReference section */
		71212F6E2AB1FC0800375AA0 /* Date+Extension.swift */ = {isa = PBXFileReference; lastKnownFileType = sourcecode.swift; path = "Date+Extension.swift"; sourceTree = "<group>"; };
		71212F702AB34F7200375AA0 /* StreakView.swift */ = {isa = PBXFileReference; lastKnownFileType = sourcecode.swift; path = StreakView.swift; sourceTree = "<group>"; };
		718C67172AB8915E0088CCC1 /* SwiftCalWidgetExtension.appex */ = {isa = PBXFileReference; explicitFileType = "wrapper.app-extension"; includeInIndex = 0; path = SwiftCalWidgetExtension.appex; sourceTree = BUILT_PRODUCTS_DIR; };
		718C67192AB8915E0088CCC1 /* WidgetKit.framework */ = {isa = PBXFileReference; lastKnownFileType = wrapper.framework; name = WidgetKit.framework; path = System/Library/Frameworks/WidgetKit.framework; sourceTree = SDKROOT; };
		718C671B2AB8915E0088CCC1 /* SwiftUI.framework */ = {isa = PBXFileReference; lastKnownFileType = wrapper.framework; name = SwiftUI.framework; path = System/Library/Frameworks/SwiftUI.framework; sourceTree = SDKROOT; };
		718C671E2AB8915E0088CCC1 /* SwiftCalWidgetBundle.swift */ = {isa = PBXFileReference; lastKnownFileType = sourcecode.swift; path = SwiftCalWidgetBundle.swift; sourceTree = "<group>"; };
		718C67202AB8915E0088CCC1 /* SwiftCalWidget.swift */ = {isa = PBXFileReference; lastKnownFileType = sourcecode.swift; path = SwiftCalWidget.swift; sourceTree = "<group>"; };
		718C67222AB891600088CCC1 /* Assets.xcassets */ = {isa = PBXFileReference; lastKnownFileType = folder.assetcatalog; path = Assets.xcassets; sourceTree = "<group>"; };
		718C67242AB891600088CCC1 /* Info.plist */ = {isa = PBXFileReference; lastKnownFileType = text.plist.xml; path = Info.plist; sourceTree = "<group>"; };
		718C672C2AB891B00088CCC1 /* Info.plist */ = {isa = PBXFileReference; lastKnownFileType = text.plist; path = Info.plist; sourceTree = "<group>"; };
		718C672D2AB891BF0088CCC1 /* SwiftCal.entitlements */ = {isa = PBXFileReference; lastKnownFileType = text.plist.entitlements; path = SwiftCal.entitlements; sourceTree = "<group>"; };
		718C672E2AB8921A0088CCC1 /* SwiftCalWidgetExtension.entitlements */ = {isa = PBXFileReference; lastKnownFileType = text.plist.entitlements; path = SwiftCalWidgetExtension.entitlements; sourceTree = "<group>"; };
		718C672F2AB9DFFC0088CCC1 /* CalendarHeaderView.swift */ = {isa = PBXFileReference; lastKnownFileType = sourcecode.swift; path = CalendarHeaderView.swift; sourceTree = "<group>"; };
		71D8F1F92AAD98F0009F31C7 /* SwiftCal.app */ = {isa = PBXFileReference; explicitFileType = wrapper.application; includeInIndex = 0; path = SwiftCal.app; sourceTree = BUILT_PRODUCTS_DIR; };
		71D8F1FC2AAD98F0009F31C7 /* SwiftCalApp.swift */ = {isa = PBXFileReference; lastKnownFileType = sourcecode.swift; path = SwiftCalApp.swift; sourceTree = "<group>"; };
		71D8F1FE2AAD98F0009F31C7 /* CalendarView.swift */ = {isa = PBXFileReference; lastKnownFileType = sourcecode.swift; path = CalendarView.swift; sourceTree = "<group>"; };
		71D8F2002AAD98F4009F31C7 /* Assets.xcassets */ = {isa = PBXFileReference; lastKnownFileType = folder.assetcatalog; path = Assets.xcassets; sourceTree = "<group>"; };
		71D8F2032AAD98F4009F31C7 /* Preview Assets.xcassets */ = {isa = PBXFileReference; lastKnownFileType = folder.assetcatalog; path = "Preview Assets.xcassets"; sourceTree = "<group>"; };
		71D8F2052AAD98F4009F31C7 /* Persistence.swift */ = {isa = PBXFileReference; lastKnownFileType = sourcecode.swift; path = Persistence.swift; sourceTree = "<group>"; };
		71D8F2082AAD98F4009F31C7 /* SwiftCal.xcdatamodel */ = {isa = PBXFileReference; lastKnownFileType = wrapper.xcdatamodel; path = SwiftCal.xcdatamodel; sourceTree = "<group>"; };
/* End PBXFileReference section */

/* Begin PBXFrameworksBuildPhase section */
		718C67142AB8915E0088CCC1 /* Frameworks */ = {
			isa = PBXFrameworksBuildPhase;
			buildActionMask = 2147483647;
			files = (
				718C671C2AB8915E0088CCC1 /* SwiftUI.framework in Frameworks */,
				718C671A2AB8915E0088CCC1 /* WidgetKit.framework in Frameworks */,
			);
			runOnlyForDeploymentPostprocessing = 0;
		};
		71D8F1F62AAD98F0009F31C7 /* Frameworks */ = {
			isa = PBXFrameworksBuildPhase;
			buildActionMask = 2147483647;
			files = (
			);
			runOnlyForDeploymentPostprocessing = 0;
		};
/* End PBXFrameworksBuildPhase section */

/* Begin PBXGroup section */
		718C67182AB8915E0088CCC1 /* Frameworks */ = {
			isa = PBXGroup;
			children = (
				718C67192AB8915E0088CCC1 /* WidgetKit.framework */,
				718C671B2AB8915E0088CCC1 /* SwiftUI.framework */,
			);
			name = Frameworks;
			sourceTree = "<group>";
		};
		718C671D2AB8915E0088CCC1 /* SwiftCalWidget */ = {
			isa = PBXGroup;
			children = (
				718C671E2AB8915E0088CCC1 /* SwiftCalWidgetBundle.swift */,
				718C67202AB8915E0088CCC1 /* SwiftCalWidget.swift */,
				718C67222AB891600088CCC1 /* Assets.xcassets */,
				718C67242AB891600088CCC1 /* Info.plist */,
			);
			path = SwiftCalWidget;
			sourceTree = "<group>";
		};
		71D8F1F02AAD98F0009F31C7 = {
			isa = PBXGroup;
			children = (
				71D8F1FB2AAD98F0009F31C7 /* SwiftCal */,
				718C671D2AB8915E0088CCC1 /* SwiftCalWidget */,
				718C672E2AB8921A0088CCC1 /* SwiftCalWidgetExtension.entitlements */,
				718C67182AB8915E0088CCC1 /* Frameworks */,
				71D8F1FA2AAD98F0009F31C7 /* Products */,
			);
			sourceTree = "<group>";
		};
		71D8F1FA2AAD98F0009F31C7 /* Products */ = {
			isa = PBXGroup;
			children = (
				71D8F1F92AAD98F0009F31C7 /* SwiftCal.app */,
				718C67172AB8915E0088CCC1 /* SwiftCalWidgetExtension.appex */,
			);
			name = Products;
			sourceTree = "<group>";
		};
		71D8F1FB2AAD98F0009F31C7 /* SwiftCal */ = {
			isa = PBXGroup;
			children = (
				718C672D2AB891BF0088CCC1 /* SwiftCal.entitlements */,
				718C672C2AB891B00088CCC1 /* Info.plist */,
				71D8F1FC2AAD98F0009F31C7 /* SwiftCalApp.swift */,
				71D8F1FE2AAD98F0009F31C7 /* CalendarView.swift */,
				71D8F2052AAD98F4009F31C7 /* Persistence.swift */,
				71212F6E2AB1FC0800375AA0 /* Date+Extension.swift */,
				71212F702AB34F7200375AA0 /* StreakView.swift */,
				71D8F2072AAD98F4009F31C7 /* SwiftCal.xcdatamodeld */,
				71D8F2002AAD98F4009F31C7 /* Assets.xcassets */,
				71D8F2022AAD98F4009F31C7 /* Preview Content */,
				718C672F2AB9DFFC0088CCC1 /* CalendarHeaderView.swift */,
			);
			path = SwiftCal;
			sourceTree = "<group>";
		};
		71D8F2022AAD98F4009F31C7 /* Preview Content */ = {
			isa = PBXGroup;
			children = (
				71D8F2032AAD98F4009F31C7 /* Preview Assets.xcassets */,
			);
			path = "Preview Content";
			sourceTree = "<group>";
		};
/* End PBXGroup section */

/* Begin PBXNativeTarget section */
		718C67162AB8915E0088CCC1 /* SwiftCalWidgetExtension */ = {
			isa = PBXNativeTarget;
			buildConfigurationList = 718C672B2AB891600088CCC1 /* Build configuration list for PBXNativeTarget "SwiftCalWidgetExtension" */;
			buildPhases = (
				718C67132AB8915E0088CCC1 /* Sources */,
				718C67142AB8915E0088CCC1 /* Frameworks */,
				718C67152AB8915E0088CCC1 /* Resources */,
			);
			buildRules = (
			);
			dependencies = (
			);
			name = SwiftCalWidgetExtension;
			productName = SwiftCalWidgetExtension;
			productReference = 718C67172AB8915E0088CCC1 /* SwiftCalWidgetExtension.appex */;
			productType = "com.apple.product-type.app-extension";
		};
		71D8F1F82AAD98F0009F31C7 /* SwiftCal */ = {
			isa = PBXNativeTarget;
			buildConfigurationList = 71D8F20C2AAD98F4009F31C7 /* Build configuration list for PBXNativeTarget "SwiftCal" */;
			buildPhases = (
				71D8F1F52AAD98F0009F31C7 /* Sources */,
				71D8F1F62AAD98F0009F31C7 /* Frameworks */,
				71D8F1F72AAD98F0009F31C7 /* Resources */,
				718C67282AB891600088CCC1 /* Embed Foundation Extensions */,
			);
			buildRules = (
			);
			dependencies = (
				718C67262AB891600088CCC1 /* PBXTargetDependency */,
			);
			name = SwiftCal;
			productName = SwiftCal;
			productReference = 71D8F1F92AAD98F0009F31C7 /* SwiftCal.app */;
			productType = "com.apple.product-type.application";
		};
/* End PBXNativeTarget section */

/* Begin PBXProject section */
		71D8F1F12AAD98F0009F31C7 /* Project object */ = {
			isa = PBXProject;
			attributes = {
				BuildIndependentTargetsInParallel = 1;
				LastSwiftUpdateCheck = 1500;
				LastUpgradeCheck = 1500;
				TargetAttributes = {
					718C67162AB8915E0088CCC1 = {
						CreatedOnToolsVersion = 15.0;
					};
					71D8F1F82AAD98F0009F31C7 = {
						CreatedOnToolsVersion = 15.0;
					};
				};
			};
			buildConfigurationList = 71D8F1F42AAD98F0009F31C7 /* Build configuration list for PBXProject "SwiftCal" */;
			compatibilityVersion = "Xcode 14.0";
			developmentRegion = en;
			hasScannedForEncodings = 0;
			knownRegions = (
				en,
				Base,
			);
			mainGroup = 71D8F1F02AAD98F0009F31C7;
			productRefGroup = 71D8F1FA2AAD98F0009F31C7 /* Products */;
			projectDirPath = "";
			projectRoot = "";
			targets = (
				71D8F1F82AAD98F0009F31C7 /* SwiftCal */,
				718C67162AB8915E0088CCC1 /* SwiftCalWidgetExtension */,
			);
		};
/* End PBXProject section */

/* Begin PBXResourcesBuildPhase section */
		718C67152AB8915E0088CCC1 /* Resources */ = {
			isa = PBXResourcesBuildPhase;
			buildActionMask = 2147483647;
			files = (
				718C67232AB891600088CCC1 /* Assets.xcassets in Resources */,
			);
			runOnlyForDeploymentPostprocessing = 0;
		};
		71D8F1F72AAD98F0009F31C7 /* Resources */ = {
			isa = PBXResourcesBuildPhase;
			buildActionMask = 2147483647;
			files = (
				71D8F2042AAD98F4009F31C7 /* Preview Assets.xcassets in Resources */,
				71D8F2012AAD98F4009F31C7 /* Assets.xcassets in Resources */,
			);
			runOnlyForDeploymentPostprocessing = 0;
		};
/* End PBXResourcesBuildPhase section */

/* Begin PBXSourcesBuildPhase section */
		718C67132AB8915E0088CCC1 /* Sources */ = {
			isa = PBXSourcesBuildPhase;
			buildActionMask = 2147483647;
			files = (
				718C67332AB9E47C0088CCC1 /* Date+Extension.swift in Sources */,
				718C67212AB8915E0088CCC1 /* SwiftCalWidget.swift in Sources */,
				718C67312AB9DFFC0088CCC1 /* CalendarHeaderView.swift in Sources */,
				718C67342AB9E4E50088CCC1 /* Persistence.swift in Sources */,
				718C67322AB9E35B0088CCC1 /* SwiftCal.xcdatamodeld in Sources */,
				718C671F2AB8915E0088CCC1 /* SwiftCalWidgetBundle.swift in Sources */,
			);
			runOnlyForDeploymentPostprocessing = 0;
		};
		71D8F1F52AAD98F0009F31C7 /* Sources */ = {
			isa = PBXSourcesBuildPhase;
			buildActionMask = 2147483647;
			files = (
				71212F712AB34F7200375AA0 /* StreakView.swift in Sources */,
				71212F6F2AB1FC0800375AA0 /* Date+Extension.swift in Sources */,
				718C67302AB9DFFC0088CCC1 /* CalendarHeaderView.swift in Sources */,
				71D8F2062AAD98F4009F31C7 /* Persistence.swift in Sources */,
				71D8F1FF2AAD98F0009F31C7 /* CalendarView.swift in Sources */,
				71D8F2092AAD98F4009F31C7 /* SwiftCal.xcdatamodeld in Sources */,
				71D8F1FD2AAD98F0009F31C7 /* SwiftCalApp.swift in Sources */,
			);
			runOnlyForDeploymentPostprocessing = 0;
		};
/* End PBXSourcesBuildPhase section */

/* Begin PBXTargetDependency section */
		718C67262AB891600088CCC1 /* PBXTargetDependency */ = {
			isa = PBXTargetDependency;
			target = 718C67162AB8915E0088CCC1 /* SwiftCalWidgetExtension */;
			targetProxy = 718C67252AB891600088CCC1 /* PBXContainerItemProxy */;
		};
/* End PBXTargetDependency section */

/* Begin XCBuildConfiguration section */
		718C67292AB891600088CCC1 /* Debug */ = {
			isa = XCBuildConfiguration;
			buildSettings = {
				ASSETCATALOG_COMPILER_GLOBAL_ACCENT_COLOR_NAME = AccentColor;
				ASSETCATALOG_COMPILER_WIDGET_BACKGROUND_COLOR_NAME = WidgetBackground;
				CODE_SIGN_ENTITLEMENTS = SwiftCalWidgetExtension.entitlements;
				CODE_SIGN_STYLE = Automatic;
				CURRENT_PROJECT_VERSION = 1;
				DEVELOPMENT_TEAM = ZGW479ZTBD;
				GENERATE_INFOPLIST_FILE = YES;
				INFOPLIST_FILE = SwiftCalWidget/Info.plist;
				INFOPLIST_KEY_CFBundleDisplayName = SwiftCalWidget;
				INFOPLIST_KEY_NSHumanReadableCopyright = "";
				LD_RUNPATH_SEARCH_PATHS = (
					"$(inherited)",
					"@executable_path/Frameworks",
					"@executable_path/../../Frameworks",
				);
				MARKETING_VERSION = 1.0;
				PRODUCT_BUNDLE_IDENTIFIER = tw.midnight.SwiftCal.SwiftCalWidget;
				PRODUCT_NAME = "$(TARGET_NAME)";
				SKIP_INSTALL = YES;
				SWIFT_EMIT_LOC_STRINGS = YES;
				SWIFT_VERSION = 5.0;
				TARGETED_DEVICE_FAMILY = "1,2";
			};
			name = Debug;
		};
		718C672A2AB891600088CCC1 /* Release */ = {
			isa = XCBuildConfiguration;
			buildSettings = {
				ASSETCATALOG_COMPILER_GLOBAL_ACCENT_COLOR_NAME = AccentColor;
				ASSETCATALOG_COMPILER_WIDGET_BACKGROUND_COLOR_NAME = WidgetBackground;
				CODE_SIGN_ENTITLEMENTS = SwiftCalWidgetExtension.entitlements;
				CODE_SIGN_STYLE = Automatic;
				CURRENT_PROJECT_VERSION = 1;
				DEVELOPMENT_TEAM = ZGW479ZTBD;
				GENERATE_INFOPLIST_FILE = YES;
				INFOPLIST_FILE = SwiftCalWidget/Info.plist;
				INFOPLIST_KEY_CFBundleDisplayName = SwiftCalWidget;
				INFOPLIST_KEY_NSHumanReadableCopyright = "";
				LD_RUNPATH_SEARCH_PATHS = (
					"$(inherited)",
					"@executable_path/Frameworks",
					"@executable_path/../../Frameworks",
				);
				MARKETING_VERSION = 1.0;
				PRODUCT_BUNDLE_IDENTIFIER = tw.midnight.SwiftCal.SwiftCalWidget;
				PRODUCT_NAME = "$(TARGET_NAME)";
				SKIP_INSTALL = YES;
				SWIFT_EMIT_LOC_STRINGS = YES;
				SWIFT_VERSION = 5.0;
				TARGETED_DEVICE_FAMILY = "1,2";
			};
			name = Release;
		};
		71D8F20A2AAD98F4009F31C7 /* Debug */ = {
			isa = XCBuildConfiguration;
			buildSettings = {
				ALWAYS_SEARCH_USER_PATHS = NO;
				ASSETCATALOG_COMPILER_GENERATE_SWIFT_ASSET_SYMBOL_EXTENSIONS = YES;
				CLANG_ANALYZER_NONNULL = YES;
				CLANG_ANALYZER_NUMBER_OBJECT_CONVERSION = YES_AGGRESSIVE;
				CLANG_CXX_LANGUAGE_STANDARD = "gnu++20";
				CLANG_ENABLE_MODULES = YES;
				CLANG_ENABLE_OBJC_ARC = YES;
				CLANG_ENABLE_OBJC_WEAK = YES;
				CLANG_WARN_BLOCK_CAPTURE_AUTORELEASING = YES;
				CLANG_WARN_BOOL_CONVERSION = YES;
				CLANG_WARN_COMMA = YES;
				CLANG_WARN_CONSTANT_CONVERSION = YES;
				CLANG_WARN_DEPRECATED_OBJC_IMPLEMENTATIONS = YES;
				CLANG_WARN_DIRECT_OBJC_ISA_USAGE = YES_ERROR;
				CLANG_WARN_DOCUMENTATION_COMMENTS = YES;
				CLANG_WARN_EMPTY_BODY = YES;
				CLANG_WARN_ENUM_CONVERSION = YES;
				CLANG_WARN_INFINITE_RECURSION = YES;
				CLANG_WARN_INT_CONVERSION = YES;
				CLANG_WARN_NON_LITERAL_NULL_CONVERSION = YES;
				CLANG_WARN_OBJC_IMPLICIT_RETAIN_SELF = YES;
				CLANG_WARN_OBJC_LITERAL_CONVERSION = YES;
				CLANG_WARN_OBJC_ROOT_CLASS = YES_ERROR;
				CLANG_WARN_QUOTED_INCLUDE_IN_FRAMEWORK_HEADER = YES;
				CLANG_WARN_RANGE_LOOP_ANALYSIS = YES;
				CLANG_WARN_STRICT_PROTOTYPES = YES;
				CLANG_WARN_SUSPICIOUS_MOVE = YES;
				CLANG_WARN_UNGUARDED_AVAILABILITY = YES_AGGRESSIVE;
				CLANG_WARN_UNREACHABLE_CODE = YES;
				CLANG_WARN__DUPLICATE_METHOD_MATCH = YES;
				COPY_PHASE_STRIP = NO;
				DEBUG_INFORMATION_FORMAT = dwarf;
				ENABLE_STRICT_OBJC_MSGSEND = YES;
				ENABLE_TESTABILITY = YES;
				ENABLE_USER_SCRIPT_SANDBOXING = YES;
				GCC_C_LANGUAGE_STANDARD = gnu17;
				GCC_DYNAMIC_NO_PIC = NO;
				GCC_NO_COMMON_BLOCKS = YES;
				GCC_OPTIMIZATION_LEVEL = 0;
				GCC_PREPROCESSOR_DEFINITIONS = (
					"DEBUG=1",
					"$(inherited)",
				);
				GCC_WARN_64_TO_32_BIT_CONVERSION = YES;
				GCC_WARN_ABOUT_RETURN_TYPE = YES_ERROR;
				GCC_WARN_UNDECLARED_SELECTOR = YES;
				GCC_WARN_UNINITIALIZED_AUTOS = YES_AGGRESSIVE;
				GCC_WARN_UNUSED_FUNCTION = YES;
				GCC_WARN_UNUSED_VARIABLE = YES;
				IPHONEOS_DEPLOYMENT_TARGET = 17.0;
				LOCALIZATION_PREFERS_STRING_CATALOGS = YES;
				MTL_ENABLE_DEBUG_INFO = INCLUDE_SOURCE;
				MTL_FAST_MATH = YES;
				ONLY_ACTIVE_ARCH = YES;
				SDKROOT = iphoneos;
				SWIFT_ACTIVE_COMPILATION_CONDITIONS = "DEBUG $(inherited)";
				SWIFT_OPTIMIZATION_LEVEL = "-Onone";
			};
			name = Debug;
		};
		71D8F20B2AAD98F4009F31C7 /* Release */ = {
			isa = XCBuildConfiguration;
			buildSettings = {
				ALWAYS_SEARCH_USER_PATHS = NO;
				ASSETCATALOG_COMPILER_GENERATE_SWIFT_ASSET_SYMBOL_EXTENSIONS = YES;
				CLANG_ANALYZER_NONNULL = YES;
				CLANG_ANALYZER_NUMBER_OBJECT_CONVERSION = YES_AGGRESSIVE;
				CLANG_CXX_LANGUAGE_STANDARD = "gnu++20";
				CLANG_ENABLE_MODULES = YES;
				CLANG_ENABLE_OBJC_ARC = YES;
				CLANG_ENABLE_OBJC_WEAK = YES;
				CLANG_WARN_BLOCK_CAPTURE_AUTORELEASING = YES;
				CLANG_WARN_BOOL_CONVERSION = YES;
				CLANG_WARN_COMMA = YES;
				CLANG_WARN_CONSTANT_CONVERSION = YES;
				CLANG_WARN_DEPRECATED_OBJC_IMPLEMENTATIONS = YES;
				CLANG_WARN_DIRECT_OBJC_ISA_USAGE = YES_ERROR;
				CLANG_WARN_DOCUMENTATION_COMMENTS = YES;
				CLANG_WARN_EMPTY_BODY = YES;
				CLANG_WARN_ENUM_CONVERSION = YES;
				CLANG_WARN_INFINITE_RECURSION = YES;
				CLANG_WARN_INT_CONVERSION = YES;
				CLANG_WARN_NON_LITERAL_NULL_CONVERSION = YES;
				CLANG_WARN_OBJC_IMPLICIT_RETAIN_SELF = YES;
				CLANG_WARN_OBJC_LITERAL_CONVERSION = YES;
				CLANG_WARN_OBJC_ROOT_CLASS = YES_ERROR;
				CLANG_WARN_QUOTED_INCLUDE_IN_FRAMEWORK_HEADER = YES;
				CLANG_WARN_RANGE_LOOP_ANALYSIS = YES;
				CLANG_WARN_STRICT_PROTOTYPES = YES;
				CLANG_WARN_SUSPICIOUS_MOVE = YES;
				CLANG_WARN_UNGUARDED_AVAILABILITY = YES_AGGRESSIVE;
				CLANG_WARN_UNREACHABLE_CODE = YES;
				CLANG_WARN__DUPLICATE_METHOD_MATCH = YES;
				COPY_PHASE_STRIP = NO;
				DEBUG_INFORMATION_FORMAT = "dwarf-with-dsym";
				ENABLE_NS_ASSERTIONS = NO;
				ENABLE_STRICT_OBJC_MSGSEND = YES;
				ENABLE_USER_SCRIPT_SANDBOXING = YES;
				GCC_C_LANGUAGE_STANDARD = gnu17;
				GCC_NO_COMMON_BLOCKS = YES;
				GCC_WARN_64_TO_32_BIT_CONVERSION = YES;
				GCC_WARN_ABOUT_RETURN_TYPE = YES_ERROR;
				GCC_WARN_UNDECLARED_SELECTOR = YES;
				GCC_WARN_UNINITIALIZED_AUTOS = YES_AGGRESSIVE;
				GCC_WARN_UNUSED_FUNCTION = YES;
				GCC_WARN_UNUSED_VARIABLE = YES;
				IPHONEOS_DEPLOYMENT_TARGET = 17.0;
				LOCALIZATION_PREFERS_STRING_CATALOGS = YES;
				MTL_ENABLE_DEBUG_INFO = NO;
				MTL_FAST_MATH = YES;
				SDKROOT = iphoneos;
				SWIFT_COMPILATION_MODE = wholemodule;
				VALIDATE_PRODUCT = YES;
			};
			name = Release;
		};
		71D8F20D2AAD98F4009F31C7 /* Debug */ = {
			isa = XCBuildConfiguration;
			buildSettings = {
				ALWAYS_EMBED_SWIFT_STANDARD_LIBRARIES = YES;
				ASSETCATALOG_COMPILER_APPICON_NAME = AppIcon;
				ASSETCATALOG_COMPILER_GLOBAL_ACCENT_COLOR_NAME = AccentColor;
				CODE_SIGN_ENTITLEMENTS = SwiftCal/SwiftCal.entitlements;
				CODE_SIGN_STYLE = Automatic;
				CURRENT_PROJECT_VERSION = 1;
				DEVELOPMENT_ASSET_PATHS = "\"SwiftCal/Preview Content\"";
				DEVELOPMENT_TEAM = ZGW479ZTBD;
				ENABLE_PREVIEWS = YES;
				GENERATE_INFOPLIST_FILE = YES;
				INFOPLIST_FILE = SwiftCal/Info.plist;
				INFOPLIST_KEY_UIApplicationSceneManifest_Generation = YES;
				INFOPLIST_KEY_UIApplicationSupportsIndirectInputEvents = YES;
				INFOPLIST_KEY_UILaunchScreen_Generation = YES;
				INFOPLIST_KEY_UISupportedInterfaceOrientations_iPad = "UIInterfaceOrientationPortrait UIInterfaceOrientationPortraitUpsideDown UIInterfaceOrientationLandscapeLeft UIInterfaceOrientationLandscapeRight";
				INFOPLIST_KEY_UISupportedInterfaceOrientations_iPhone = "UIInterfaceOrientationPortrait UIInterfaceOrientationLandscapeLeft UIInterfaceOrientationLandscapeRight";
				LD_RUNPATH_SEARCH_PATHS = (
					"$(inherited)",
					"@executable_path/Frameworks",
				);
				MARKETING_VERSION = 1.0;
				PRODUCT_BUNDLE_IDENTIFIER = tw.midnight.SwiftCal;
				PRODUCT_NAME = "$(TARGET_NAME)";
				SWIFT_EMIT_LOC_STRINGS = YES;
				SWIFT_VERSION = 5.0;
				TARGETED_DEVICE_FAMILY = "1,2";
			};
			name = Debug;
		};
		71D8F20E2AAD98F4009F31C7 /* Release */ = {
			isa = XCBuildConfiguration;
			buildSettings = {
				ALWAYS_EMBED_SWIFT_STANDARD_LIBRARIES = YES;
				ASSETCATALOG_COMPILER_APPICON_NAME = AppIcon;
				ASSETCATALOG_COMPILER_GLOBAL_ACCENT_COLOR_NAME = AccentColor;
				CODE_SIGN_ENTITLEMENTS = SwiftCal/SwiftCal.entitlements;
				CODE_SIGN_STYLE = Automatic;
				CURRENT_PROJECT_VERSION = 1;
				DEVELOPMENT_ASSET_PATHS = "\"SwiftCal/Preview Content\"";
				DEVELOPMENT_TEAM = ZGW479ZTBD;
				ENABLE_PREVIEWS = YES;
				GENERATE_INFOPLIST_FILE = YES;
				INFOPLIST_FILE = SwiftCal/Info.plist;
				INFOPLIST_KEY_UIApplicationSceneManifest_Generation = YES;
				INFOPLIST_KEY_UIApplicationSupportsIndirectInputEvents = YES;
				INFOPLIST_KEY_UILaunchScreen_Generation = YES;
				INFOPLIST_KEY_UISupportedInterfaceOrientations_iPad = "UIInterfaceOrientationPortrait UIInterfaceOrientationPortraitUpsideDown UIInterfaceOrientationLandscapeLeft UIInterfaceOrientationLandscapeRight";
				INFOPLIST_KEY_UISupportedInterfaceOrientations_iPhone = "UIInterfaceOrientationPortrait UIInterfaceOrientationLandscapeLeft UIInterfaceOrientationLandscapeRight";
				LD_RUNPATH_SEARCH_PATHS = (
					"$(inherited)",
					"@executable_path/Frameworks",
				);
				MARKETING_VERSION = 1.0;
				PRODUCT_BUNDLE_IDENTIFIER = tw.midnight.SwiftCal;
				PRODUCT_NAME = "$(TARGET_NAME)";
				SWIFT_EMIT_LOC_STRINGS = YES;
				SWIFT_VERSION = 5.0;
				TARGETED_DEVICE_FAMILY = "1,2";
			};
			name = Release;
		};
/* End XCBuildConfiguration section */

/* Begin XCConfigurationList section */
		718C672B2AB891600088CCC1 /* Build configuration list for PBXNativeTarget "SwiftCalWidgetExtension" */ = {
			isa = XCConfigurationList;
			buildConfigurations = (
				718C67292AB891600088CCC1 /* Debug */,
				718C672A2AB891600088CCC1 /* Release */,
			);
			defaultConfigurationIsVisible = 0;
			defaultConfigurationName = Release;
		};
		71D8F1F42AAD98F0009F31C7 /* Build configuration list for PBXProject "SwiftCal" */ = {
			isa = XCConfigurationList;
			buildConfigurations = (
				71D8F20A2AAD98F4009F31C7 /* Debug */,
				71D8F20B2AAD98F4009F31C7 /* Release */,
			);
			defaultConfigurationIsVisible = 0;
			defaultConfigurationName = Release;
		};
		71D8F20C2AAD98F4009F31C7 /* Build configuration list for PBXNativeTarget "SwiftCal" */ = {
			isa = XCConfigurationList;
			buildConfigurations = (
				71D8F20D2AAD98F4009F31C7 /* Debug */,
				71D8F20E2AAD98F4009F31C7 /* Release */,
			);
			defaultConfigurationIsVisible = 0;
			defaultConfigurationName = Release;
		};
/* End XCConfigurationList section */

/* Begin XCVersionGroup section */
		71D8F2072AAD98F4009F31C7 /* SwiftCal.xcdatamodeld */ = {
			isa = XCVersionGroup;
			children = (
				71D8F2082AAD98F4009F31C7 /* SwiftCal.xcdatamodel */,
			);
			currentVersion = 71D8F2082AAD98F4009F31C7 /* SwiftCal.xcdatamodel */;
			path = SwiftCal.xcdatamodeld;
			sourceTree = "<group>";
			versionGroupType = wrapper.xcdatamodel;
		};
/* End XCVersionGroup section */
	};
	rootObject = 71D8F1F12AAD98F0009F31C7 /* Project object */;
}
